Microsoft Visual Studio Solution File, Format Version 10.00
# Visual Studio 2008
Project("{8BC9CEB8-8B4A-11D0-8D11-00A0C91BC942}") = "Test", "Test.vcproj", "{B4A32DC0-4897-453F-848B-08DE6F55055E}"
	ProjectSection(ProjectDependencies) = postProject
		{3353342F-945E-4517-847F-D118415DD324} = {3353342F-945E-4517-847F-D118415DD324}
	EndProjectSection
EndProject
Project("{8BC9CEB8-8B4A-11D0-8D11-00A0C91BC942}") = "EBCO", "..\..\EBCO\EBCO.vcproj", "{3353342F-945E-4517-847F-D118415DD321}"
EndProject
Project("{8BC9CEB8-8B4A-11D0-8D11-00A0C91BC942}") = "EBDI", "..\..\EBDI\EBDI.vcproj", "{59A38C0E-AF4B-4A23-979B-17F6F56A1107}"
	ProjectSection(ProjectDependencies) = postProject
		{3353342F-945E-4517-847F-D118415DD324} = {3353342F-945E-4517-847F-D118415DD324}
	EndProjectSection
EndProject
Project("{8BC9CEB8-8B4A-11D0-8D11-00A0C91BC942}") = "EBES", "..\..\EBES\EBES.vcproj", "{A5B398FC-EE31-4617-91C2-E26D61CB2258}"
	ProjectSection(ProjectDependencies) = postProject
		{3353342F-945E-4517-847F-D118415DD324} = {3353342F-945E-4517-847F-D118415DD324}
	EndProjectSection
EndProject
Project("{8BC9CEB8-8B4A-11D0-8D11-00A0C91BC942}") = "EBET", "..\..\EBET\EBET.vcproj", "{022B984B-01D7-41CE-A38E-EC0BCD16DBE9}"
	ProjectSection(ProjectDependencies) = postProject
		{3353342F-945E-4517-847F-D118415DD321} = {3353342F-945E-4517-847F-D118415DD321}
		{3353342F-945E-4517-847F-D118415DD324} = {3353342F-945E-4517-847F-D118415DD324}
	EndProjectSection
EndProject
Project("{8BC9CEB8-8B4A-11D0-8D11-00A0C91BC942}") = "EBHI", "..\..\EBHI\EBHI.vcproj", "{CAA47CF2-E7EF-4EE3-AD33-4CAB63597157}"
	ProjectSection(ProjectDependencies) = postProject
		{3353342F-945E-4517-847F-D118415DD321} = {3353342F-945E-4517-847F-D118415DD321}
		{3353342F-945E-4517-847F-D118415DD324} = {3353342F-945E-4517-847F-D118415DD324}
		{27BBD989-DD1D-4C02-9C8A-E9FB79796DC8} = {27BBD989-DD1D-4C02-9C8A-E9FB79796DC8}
	EndProjectSection
EndProject
Project("{8BC9CEB8-8B4A-11D0-8D11-00A0C91BC942}") = "EBHIT", "..\..\EBHIT\EBHIT.vcproj", "{27BBD989-DD1D-4C02-9C8A-E9FB79796DC8}"
	ProjectSection(ProjectDependencies) = postProject
		{3353342F-945E-4517-847F-D118415DD321} = {3353342F-945E-4517-847F-D118415DD321}
	EndProjectSection
EndProject
Project("{8BC9CEB8-8B4A-11D0-8D11-00A0C91BC942}") = "EBI2CAdc", "..\..\EBI2CADC\EBI2CAdc.vcproj", "{15C69AAA-AF1D-46AC-BA7B-2487D0AEC79A}"
	ProjectSection(ProjectDependencies) = postProject
		{3353342F-945E-4517-847F-D118415DD321} = {3353342F-945E-4517-847F-D118415DD321}
		{F87DCC41-254E-4250-92FA-9EBFD534B93E} = {F87DCC41-254E-4250-92FA-9EBFD534B93E}
		{CAA47CF2-E7EF-4EE3-AD33-4CAB63597157} = {CAA47CF2-E7EF-4EE3-AD33-4CAB63597157}
	EndProjectSection
EndProject
Project("{8BC9CEB8-8B4A-11D0-8D11-00A0C91BC942}") = "EBI2CDP", "..\..\EBI2CDP\EBI2CDP.vcproj", "{4DF6CCAA-2B80-41A4-BF31-3B21A58E9DA5}"
	ProjectSection(ProjectDependencies) = postProject
		{3353342F-945E-4517-847F-D118415DD321} = {3353342F-945E-4517-847F-D118415DD321}
		{F87DCC41-254E-4250-92FA-9EBFD534B93E} = {F87DCC41-254E-4250-92FA-9EBFD534B93E}
		{CAA47CF2-E7EF-4EE3-AD33-4CAB63597157} = {CAA47CF2-E7EF-4EE3-AD33-4CAB63597157}
	EndProjectSection
EndProject
Project("{8BC9CEB8-8B4A-11D0-8D11-00A0C91BC942}") = "EBI2CEprom", "..\..\EBI2CEPROM\EBI2CEprom.vcproj", "{A024B846-B570-4C11-8B98-84342CD2762B}"
	ProjectSection(ProjectDependencies) = postProject
		{3353342F-945E-4517-847F-D118415DD321} = {3353342F-945E-4517-847F-D118415DD321}
		{F87DCC41-254E-4250-92FA-9EBFD534B93E} = {F87DCC41-254E-4250-92FA-9EBFD534B93E}
		{CAA47CF2-E7EF-4EE3-AD33-4CAB63597157} = {CAA47CF2-E7EF-4EE3-AD33-4CAB63597157}
	EndProjectSection
EndProject
Project("{8BC9CEB8-8B4A-11D0-8D11-00A0C91BC942}") = "EBI2CSTDLIB", "..\..\EBI2CSTDLIB\EBI2CSTDLIB.vcproj", "{F87DCC41-254E-4250-92FA-9EBFD534B93E}"
	ProjectSection(ProjectDependencies) = postProject
		{3353342F-945E-4517-847F-D118415DD321} = {3353342F-945E-4517-847F-D118415DD321}
	EndProjectSection
EndProject
Project("{8BC9CEB8-8B4A-11D0-8D11-00A0C91BC942}") = "EBI2CTemp", "..\..\EBI2CTEMP\EBI2CTemp.vcproj", "{C5D638F9-1FD9-4B1C-91DB-80A9386FBD13}"
	ProjectSection(ProjectDependencies) = postProject
		{3353342F-945E-4517-847F-D118415DD321} = {3353342F-945E-4517-847F-D118415DD321}
		{3353342F-945E-4517-847F-D118415DD324} = {3353342F-945E-4517-847F-D118415DD324}
		{F87DCC41-254E-4250-92FA-9EBFD534B93E} = {F87DCC41-254E-4250-92FA-9EBFD534B93E}
	EndProjectSection
EndProject
Project("{8BC9CEB8-8B4A-11D0-8D11-00A0C91BC942}") = "EBIO", "..\..\EBIO\EBIO.vcproj", "{141A4E88-0B6B-4C05-AAE9-67E1F28296D1}"
	ProjectSection(ProjectDependencies) = postProject
		{3353342F-945E-4517-847F-D118415DD324} = {3353342F-945E-4517-847F-D118415DD324}
	EndProjectSection
EndProject
Project("{8BC9CEB8-8B4A-11D0-8D11-00A0C91BC942}") = "EBMC", "..\..\EBMC\EBMC.vcproj", "{A1E853B3-5E7E-40A0-942F-B3F5FE58ED9B}"
	ProjectSection(ProjectDependencies) = postProject
		{3353342F-945E-4517-847F-D118415DD321} = {3353342F-945E-4517-847F-D118415DD321}
		{3353342F-945E-4517-847F-D118415DD324} = {3353342F-945E-4517-847F-D118415DD324}
		{CAA47CF2-E7EF-4EE3-AD33-4CAB63597157} = {CAA47CF2-E7EF-4EE3-AD33-4CAB63597157}
	EndProjectSection
EndProject
Project("{8BC9CEB8-8B4A-11D0-8D11-00A0C91BC942}") = "EBPC", "..\..\EBPC\EBPC.vcproj", "{764F5D3A-0B54-4B95-9BC4-281A5E945340}"
	ProjectSection(ProjectDependencies) = postProject
		{3353342F-945E-4517-847F-D118415DD321} = {3353342F-945E-4517-847F-D118415DD321}
		{3353342F-945E-4517-847F-D118415DD324} = {3353342F-945E-4517-847F-D118415DD324}
		{CAA47CF2-E7EF-4EE3-AD33-4CAB63597157} = {CAA47CF2-E7EF-4EE3-AD33-4CAB63597157}
	EndProjectSection
EndProject
Project("{8BC9CEB8-8B4A-11D0-8D11-00A0C91BC942}") = "EBPI", "..\..\EBPI\EBPI.vcproj", "{3353342F-945E-4517-847F-D118415DD324}"
	ProjectSection(ProjectDependencies) = postProject
		{3353342F-945E-4517-847F-D118415DD321} = {3353342F-945E-4517-847F-D118415DD321}
	EndProjectSection
EndProject
Project("{8BC9CEB8-8B4A-11D0-8D11-00A0C91BC942}") = "EBPO", "..\..\EBPO\EBPO.vcproj", "{25ED796E-73B6-4E4D-92A8-B103752D4D08}"
	ProjectSection(ProjectDependencies) = postProject
		{3353342F-945E-4517-847F-D118415DD324} = {3353342F-945E-4517-847F-D118415DD324}
		{CAA47CF2-E7EF-4EE3-AD33-4CAB63597157} = {CAA47CF2-E7EF-4EE3-AD33-4CAB63597157}
	EndProjectSection
EndProject
Project("{8BC9CEB8-8B4A-11D0-8D11-00A0C91BC942}") = "EBST", "..\..\EBST\EBST.vcproj", "{9F78734A-31C2-4E39-BC5C-51BECDF054E2}"
	ProjectSection(ProjectDependencies) = postProject
		{3353342F-945E-4517-847F-D118415DD321} = {3353342F-945E-4517-847F-D118415DD321}
		{3353342F-945E-4517-847F-D118415DD324} = {3353342F-945E-4517-847F-D118415DD324}
	EndProjectSection
EndProject
Project("{8BC9CEB8-8B4A-11D0-8D11-00A0C91BC942}") = "EBSY", "..\EBSY.vcproj", "{F1B0209D-2E27-47C0-8C0E-FCDF327357BE}"
	ProjectSection(ProjectDependencies) = postProject
		{3353342F-945E-4517-847F-D118415DD321} = {3353342F-945E-4517-847F-D118415DD321}
		{3353342F-945E-4517-847F-D118415DD324} = {3353342F-945E-4517-847F-D118415DD324}
		{CAA47CF2-E7EF-4EE3-AD33-4CAB63597157} = {CAA47CF2-E7EF-4EE3-AD33-4CAB63597157}
	EndProjectSection
EndProject
Project("{8BC9CEB8-8B4A-11D0-8D11-00A0C91BC942}") = "EBTC", "..\..\EBTC\EBTC.vcproj", "{57C83E18-4A67-4715-9E94-C17566AB48A3}"
	ProjectSection(ProjectDependencies) = postProject
		{3353342F-945E-4517-847F-D118415DD321} = {3353342F-945E-4517-847F-D118415DD321}
		{3353342F-945E-4517-847F-D118415DD324} = {3353342F-945E-4517-847F-D118415DD324}
	EndProjectSection
EndProject
Project("{8BC9CEB8-8B4A-11D0-8D11-00A0C91BC942}") = "EBWC", "..\..\EBWC\EBWC.vcproj", "{022F6A18-E330-4AC5-B2F5-78719E791FAE}"
	ProjectSection(ProjectDependencies) = postProject
		{3353342F-945E-4517-847F-D118415DD321} = {3353342F-945E-4517-847F-D118415DD321}
		{3353342F-945E-4517-847F-D118415DD324} = {3353342F-945E-4517-847F-D118415DD324}
		{CAA47CF2-E7EF-4EE3-AD33-4CAB63597157} = {CAA47CF2-E7EF-4EE3-AD33-4CAB63597157}
	EndProjectSection
EndProject
Global
	GlobalSection(SolutionConfigurationPlatforms) = preSolution
		Debug|Mixed Platforms = Debug|Mixed Platforms
		Debug|NIRFlex N-500 (x86) = Debug|NIRFlex N-500 (x86)
		Debug|Win32 = Debug|Win32
		Release|Mixed Platforms = Release|Mixed Platforms
		Release|NIRFlex N-500 (x86) = Release|NIRFlex N-500 (x86)
		Release|Win32 = Release|Win32
		X86Dbg|Mixed Platforms = X86Dbg|Mixed Platforms
		X86Dbg|NIRFlex N-500 (x86) = X86Dbg|NIRFlex N-500 (x86)
		X86Dbg|Win32 = X86Dbg|Win32
		X86Rel|Mixed Platforms = X86Rel|Mixed Platforms
		X86Rel|NIRFlex N-500 (x86) = X86Rel|NIRFlex N-500 (x86)
		X86Rel|Win32 = X86Rel|Win32
	EndGlobalSection
	GlobalSection(ProjectConfigurationPlatforms) = postSolution
		{B4A32DC0-4897-453F-848B-08DE6F55055E}.Debug|Mixed Platforms.ActiveCfg = Debug|Win32
		{B4A32DC0-4897-453F-848B-08DE6F55055E}.Debug|Mixed Platforms.Build.0 = Debug|Win32
		{B4A32DC0-4897-453F-848B-08DE6F55055E}.Debug|NIRFlex N-500 (x86).ActiveCfg = Debug|Win32
		{B4A32DC0-4897-453F-848B-08DE6F55055E}.Debug|Win32.ActiveCfg = Debug|Win32
		{B4A32DC0-4897-453F-848B-08DE6F55055E}.Debug|Win32.Build.0 = Debug|Win32
		{B4A32DC0-4897-453F-848B-08DE6F55055E}.Release|Mixed Platforms.ActiveCfg = Release|Win32
		{B4A32DC0-4897-453F-848B-08DE6F55055E}.Release|Mixed Platforms.Build.0 = Release|Win32
		{B4A32DC0-4897-453F-848B-08DE6F55055E}.Release|NIRFlex N-500 (x86).ActiveCfg = Release|Win32
		{B4A32DC0-4897-453F-848B-08DE6F55055E}.Release|Win32.ActiveCfg = Release|Win32
		{B4A32DC0-4897-453F-848B-08DE6F55055E}.Release|Win32.Build.0 = Release|Win32
		{B4A32DC0-4897-453F-848B-08DE6F55055E}.X86Dbg|Mixed Platforms.ActiveCfg = Release|Win32
		{B4A32DC0-4897-453F-848B-08DE6F55055E}.X86Dbg|Mixed Platforms.Build.0 = Release|Win32
		{B4A32DC0-4897-453F-848B-08DE6F55055E}.X86Dbg|NIRFlex N-500 (x86).ActiveCfg = Release|Win32
		{B4A32DC0-4897-453F-848B-08DE6F55055E}.X86Dbg|Win32.ActiveCfg = Release|Win32
		{B4A32DC0-4897-453F-848B-08DE6F55055E}.X86Dbg|Win32.Build.0 = Release|Win32
		{B4A32DC0-4897-453F-848B-08DE6F55055E}.X86Rel|Mixed Platforms.ActiveCfg = Release|Win32
		{B4A32DC0-4897-453F-848B-08DE6F55055E}.X86Rel|Mixed Platforms.Build.0 = Release|Win32
		{B4A32DC0-4897-453F-848B-08DE6F55055E}.X86Rel|NIRFlex N-500 (x86).ActiveCfg = Release|Win32
		{B4A32DC0-4897-453F-848B-08DE6F55055E}.X86Rel|Win32.ActiveCfg = Release|Win32
		{B4A32DC0-4897-453F-848B-08DE6F55055E}.X86Rel|Win32.Build.0 = Release|Win32
		{3353342F-945E-4517-847F-D118415DD321}.Debug|Mixed Platforms.ActiveCfg = X86Rel|NIRFlex N-500 (x86)
		{3353342F-945E-4517-847F-D118415DD321}.Debug|Mixed Platforms.Build.0 = X86Rel|NIRFlex N-500 (x86)
		{3353342F-945E-4517-847F-D118415DD321}.Debug|Mixed Platforms.Deploy.0 = X86Rel|NIRFlex N-500 (x86)
		{3353342F-945E-4517-847F-D118415DD321}.Debug|NIRFlex N-500 (x86).ActiveCfg = X86Rel|NIRFlex N-500 (x86)
		{3353342F-945E-4517-847F-D118415DD321}.Debug|NIRFlex N-500 (x86).Build.0 = X86Rel|NIRFlex N-500 (x86)
		{3353342F-945E-4517-847F-D118415DD321}.Debug|NIRFlex N-500 (x86).Deploy.0 = X86Rel|NIRFlex N-500 (x86)
		{3353342F-945E-4517-847F-D118415DD321}.Debug|Win32.ActiveCfg = Debug|Win32
		{3353342F-945E-4517-847F-D118415DD321}.Debug|Win32.Build.0 = Debug|Win32
		{3353342F-945E-4517-847F-D118415DD321}.Release|Mixed Platforms.ActiveCfg = X86Rel|NIRFlex N-500 (x86)
		{3353342F-945E-4517-847F-D118415DD321}.Release|Mixed Platforms.Build.0 = X86Rel|NIRFlex N-500 (x86)
		{3353342F-945E-4517-847F-D118415DD321}.Release|Mixed Platforms.Deploy.0 = X86Rel|NIRFlex N-500 (x86)
		{3353342F-945E-4517-847F-D118415DD321}.Release|NIRFlex N-500 (x86).ActiveCfg = X86Rel|NIRFlex N-500 (x86)
		{3353342F-945E-4517-847F-D118415DD321}.Release|NIRFlex N-500 (x86).Build.0 = X86Rel|NIRFlex N-500 (x86)
		{3353342F-945E-4517-847F-D118415DD321}.Release|NIRFlex N-500 (x86).Deploy.0 = X86Rel|NIRFlex N-500 (x86)
		{3353342F-945E-4517-847F-D118415DD321}.Release|Win32.ActiveCfg = X86Rel|NIRFlex N-500 (x86)
		{3353342F-945E-4517-847F-D118415DD321}.X86Dbg|Mixed Platforms.ActiveCfg = X86Dbg|NIRFlex N-500 (x86)
		{3353342F-945E-4517-847F-D118415DD321}.X86Dbg|Mixed Platforms.Build.0 = X86Dbg|NIRFlex N-500 (x86)
		{3353342F-945E-4517-847F-D118415DD321}.X86Dbg|Mixed Platforms.Deploy.0 = X86Dbg|NIRFlex N-500 (x86)
		{3353342F-945E-4517-847F-D118415DD321}.X86Dbg|NIRFlex N-500 (x86).ActiveCfg = X86Dbg|NIRFlex N-500 (x86)
		{3353342F-945E-4517-847F-D118415DD321}.X86Dbg|NIRFlex N-500 (x86).Build.0 = X86Dbg|NIRFlex N-500 (x86)
		{3353342F-945E-4517-847F-D118415DD321}.X86Dbg|NIRFlex N-500 (x86).Deploy.0 = X86Dbg|NIRFlex N-500 (x86)
		{3353342F-945E-4517-847F-D118415DD321}.X86Dbg|Win32.ActiveCfg = X86Dbg|Win32
		{3353342F-945E-4517-847F-D118415DD321}.X86Dbg|Win32.Build.0 = X86Dbg|Win32
		{3353342F-945E-4517-847F-D118415DD321}.X86Rel|Mixed Platforms.ActiveCfg = X86Rel|NIRFlex N-500 (x86)
		{3353342F-945E-4517-847F-D118415DD321}.X86Rel|Mixed Platforms.Build.0 = X86Rel|NIRFlex N-500 (x86)
		{3353342F-945E-4517-847F-D118415DD321}.X86Rel|Mixed Platforms.Deploy.0 = X86Rel|NIRFlex N-500 (x86)
		{3353342F-945E-4517-847F-D118415DD321}.X86Rel|NIRFlex N-500 (x86).ActiveCfg = X86Rel|NIRFlex N-500 (x86)
		{3353342F-945E-4517-847F-D118415DD321}.X86Rel|NIRFlex N-500 (x86).Build.0 = X86Rel|NIRFlex N-500 (x86)
		{3353342F-945E-4517-847F-D118415DD321}.X86Rel|NIRFlex N-500 (x86).Deploy.0 = X86Rel|NIRFlex N-500 (x86)
		{3353342F-945E-4517-847F-D118415DD321}.X86Rel|Win32.ActiveCfg = X86Rel|Win32
		{3353342F-945E-4517-847F-D118415DD321}.X86Rel|Win32.Build.0 = X86Rel|Win32
		{59A38C0E-AF4B-4A23-979B-17F6F56A1107}.Debug|Mixed Platforms.ActiveCfg = X86Rel|NIRFlex N-500 (x86)
		{59A38C0E-AF4B-4A23-979B-17F6F56A1107}.Debug|Mixed Platforms.Build.0 = X86Rel|NIRFlex N-500 (x86)
		{59A38C0E-AF4B-4A23-979B-17F6F56A1107}.Debug|Mixed Platforms.Deploy.0 = X86Rel|NIRFlex N-500 (x86)
		{59A38C0E-AF4B-4A23-979B-17F6F56A1107}.Debug|NIRFlex N-500 (x86).ActiveCfg = X86Rel|NIRFlex N-500 (x86)
		{59A38C0E-AF4B-4A23-979B-17F6F56A1107}.Debug|NIRFlex N-500 (x86).Build.0 = X86Rel|NIRFlex N-500 (x86)
		{59A38C0E-AF4B-4A23-979B-17F6F56A1107}.Debug|NIRFlex N-500 (x86).Deploy.0 = X86Rel|NIRFlex N-500 (x86)
		{59A38C0E-AF4B-4A23-979B-17F6F56A1107}.Debug|Win32.ActiveCfg = Debug|Win32
		{59A38C0E-AF4B-4A23-979B-17F6F56A1107}.Debug|Win32.Build.0 = Debug|Win32
		{59A38C0E-AF4B-4A23-979B-17F6F56A1107}.Release|Mixed Platforms.ActiveCfg = X86Rel|NIRFlex N-500 (x86)
		{59A38C0E-AF4B-4A23-979B-17F6F56A1107}.Release|Mixed Platforms.Build.0 = X86Rel|NIRFlex N-500 (x86)
		{59A38C0E-AF4B-4A23-979B-17F6F56A1107}.Release|Mixed Platforms.Deploy.0 = X86Rel|NIRFlex N-500 (x86)
		{59A38C0E-AF4B-4A23-979B-17F6F56A1107}.Release|NIRFlex N-500 (x86).ActiveCfg = X86Rel|NIRFlex N-500 (x86)
		{59A38C0E-AF4B-4A23-979B-17F6F56A1107}.Release|NIRFlex N-500 (x86).Build.0 = X86Rel|NIRFlex N-500 (x86)
		{59A38C0E-AF4B-4A23-979B-17F6F56A1107}.Release|NIRFlex N-500 (x86).Deploy.0 = X86Rel|NIRFlex N-500 (x86)
		{59A38C0E-AF4B-4A23-979B-17F6F56A1107}.Release|Win32.ActiveCfg = X86Rel|NIRFlex N-500 (x86)
		{59A38C0E-AF4B-4A23-979B-17F6F56A1107}.X86Dbg|Mixed Platforms.ActiveCfg = X86Dbg|NIRFlex N-500 (x86)
		{59A38C0E-AF4B-4A23-979B-17F6F56A1107}.X86Dbg|Mixed Platforms.Build.0 = X86Dbg|NIRFlex N-500 (x86)
		{59A38C0E-AF4B-4A23-979B-17F6F56A1107}.X86Dbg|Mixed Platforms.Deploy.0 = X86Dbg|NIRFlex N-500 (x86)
		{59A38C0E-AF4B-4A23-979B-17F6F56A1107}.X86Dbg|NIRFlex N-500 (x86).ActiveCfg = X86Dbg|NIRFlex N-500 (x86)
		{59A38C0E-AF4B-4A23-979B-17F6F56A1107}.X86Dbg|NIRFlex N-500 (x86).Build.0 = X86Dbg|NIRFlex N-500 (x86)
		{59A38C0E-AF4B-4A23-979B-17F6F56A1107}.X86Dbg|NIRFlex N-500 (x86).Deploy.0 = X86Dbg|NIRFlex N-500 (x86)
		{59A38C0E-AF4B-4A23-979B-17F6F56A1107}.X86Dbg|Win32.ActiveCfg = X86Dbg|NIRFlex N-500 (x86)
		{59A38C0E-AF4B-4A23-979B-17F6F56A1107}.X86Rel|Mixed Platforms.ActiveCfg = X86Rel|NIRFlex N-500 (x86)
		{59A38C0E-AF4B-4A23-979B-17F6F56A1107}.X86Rel|Mixed Platforms.Build.0 = X86Rel|NIRFlex N-500 (x86)
		{59A38C0E-AF4B-4A23-979B-17F6F56A1107}.X86Rel|Mixed Platforms.Deploy.0 = X86Rel|NIRFlex N-500 (x86)
		{59A38C0E-AF4B-4A23-979B-17F6F56A1107}.X86Rel|NIRFlex N-500 (x86).ActiveCfg = X86Rel|NIRFlex N-500 (x86)
		{59A38C0E-AF4B-4A23-979B-17F6F56A1107}.X86Rel|NIRFlex N-500 (x86).Build.0 = X86Rel|NIRFlex N-500 (x86)
		{59A38C0E-AF4B-4A23-979B-17F6F56A1107}.X86Rel|NIRFlex N-500 (x86).Deploy.0 = X86Rel|NIRFlex N-500 (x86)
		{59A38C0E-AF4B-4A23-979B-17F6F56A1107}.X86Rel|Win32.ActiveCfg = X86Rel|NIRFlex N-500 (x86)
		{A5B398FC-EE31-4617-91C2-E26D61CB2258}.Debug|Mixed Platforms.ActiveCfg = X86Dbg|NIRFlex N-500 (x86)
		{A5B398FC-EE31-4617-91C2-E26D61CB2258}.Debug|Mixed Platforms.Build.0 = X86Dbg|NIRFlex N-500 (x86)
		{A5B398FC-EE31-4617-91C2-E26D61CB2258}.Debug|Mixed Platforms.Deploy.0 = X86Dbg|NIRFlex N-500 (x86)
		{A5B398FC-EE31-4617-91C2-E26D61CB2258}.Debug|NIRFlex N-500 (x86).ActiveCfg = X86Dbg|NIRFlex N-500 (x86)
		{A5B398FC-EE31-4617-91C2-E26D61CB2258}.Debug|NIRFlex N-500 (x86).Build.0 = X86Dbg|NIRFlex N-500 (x86)
		{A5B398FC-EE31-4617-91C2-E26D61CB2258}.Debug|NIRFlex N-500 (x86).Deploy.0 = X86Dbg|NIRFlex N-500 (x86)
		{A5B398FC-EE31-4617-91C2-E26D61CB2258}.Debug|Win32.ActiveCfg = Debug|Win32
		{A5B398FC-EE31-4617-91C2-E26D61CB2258}.Debug|Win32.Build.0 = Debug|Win32
		{A5B398FC-EE31-4617-91C2-E26D61CB2258}.Release|Mixed Platforms.ActiveCfg = X86Dbg|NIRFlex N-500 (x86)
		{A5B398FC-EE31-4617-91C2-E26D61CB2258}.Release|Mixed Platforms.Build.0 = X86Dbg|NIRFlex N-500 (x86)
		{A5B398FC-EE31-4617-91C2-E26D61CB2258}.Release|Mixed Platforms.Deploy.0 = X86Dbg|NIRFlex N-500 (x86)
		{A5B398FC-EE31-4617-91C2-E26D61CB2258}.Release|NIRFlex N-500 (x86).ActiveCfg = X86Dbg|NIRFlex N-500 (x86)
		{A5B398FC-EE31-4617-91C2-E26D61CB2258}.Release|NIRFlex N-500 (x86).Build.0 = X86Dbg|NIRFlex N-500 (x86)
		{A5B398FC-EE31-4617-91C2-E26D61CB2258}.Release|NIRFlex N-500 (x86).Deploy.0 = X86Dbg|NIRFlex N-500 (x86)
		{A5B398FC-EE31-4617-91C2-E26D61CB2258}.Release|Win32.ActiveCfg = X86Dbg|NIRFlex N-500 (x86)
		{A5B398FC-EE31-4617-91C2-E26D61CB2258}.X86Dbg|Mixed Platforms.ActiveCfg = X86Dbg|NIRFlex N-500 (x86)
		{A5B398FC-EE31-4617-91C2-E26D61CB2258}.X86Dbg|Mixed Platforms.Build.0 = X86Dbg|NIRFlex N-500 (x86)
		{A5B398FC-EE31-4617-91C2-E26D61CB2258}.X86Dbg|Mixed Platforms.Deploy.0 = X86Dbg|NIRFlex N-500 (x86)
		{A5B398FC-EE31-4617-91C2-E26D61CB2258}.X86Dbg|NIRFlex N-500 (x86).ActiveCfg = X86Dbg|NIRFlex N-500 (x86)
		{A5B398FC-EE31-4617-91C2-E26D61CB2258}.X86Dbg|NIRFlex N-500 (x86).Build.0 = X86Dbg|NIRFlex N-500 (x86)
		{A5B398FC-EE31-4617-91C2-E26D61CB2258}.X86Dbg|NIRFlex N-500 (x86).Deploy.0 = X86Dbg|NIRFlex N-500 (x86)
		{A5B398FC-EE31-4617-91C2-E26D61CB2258}.X86Dbg|Win32.ActiveCfg = X86Dbg|NIRFlex N-500 (x86)
		{A5B398FC-EE31-4617-91C2-E26D61CB2258}.X86Rel|Mixed Platforms.ActiveCfg = X86Rel|NIRFlex N-500 (x86)
		{A5B398FC-EE31-4617-91C2-E26D61CB2258}.X86Rel|Mixed Platforms.Build.0 = X86Rel|NIRFlex N-500 (x86)
		{A5B398FC-EE31-4617-91C2-E26D61CB2258}.X86Rel|Mixed Platforms.Deploy.0 = X86Rel|NIRFlex N-500 (x86)
		{A5B398FC-EE31-4617-91C2-E26D61CB2258}.X86Rel|NIRFlex N-500 (x86).ActiveCfg = X86Rel|NIRFlex N-500 (x86)
		{A5B398FC-EE31-4617-91C2-E26D61CB2258}.X86Rel|NIRFlex N-500 (x86).Build.0 = X86Rel|NIRFlex N-500 (x86)
		{A5B398FC-EE31-4617-91C2-E26D61CB2258}.X86Rel|NIRFlex N-500 (x86).Deploy.0 = X86Rel|NIRFlex N-500 (x86)
		{A5B398FC-EE31-4617-91C2-E26D61CB2258}.X86Rel|Win32.ActiveCfg = X86Rel|NIRFlex N-500 (x86)
		{022B984B-01D7-41CE-A38E-EC0BCD16DBE9}.Debug|Mixed Platforms.ActiveCfg = X86Rel|NIRFlex N-500 (x86)
		{022B984B-01D7-41CE-A38E-EC0BCD16DBE9}.Debug|Mixed Platforms.Build.0 = X86Rel|NIRFlex N-500 (x86)
		{022B984B-01D7-41CE-A38E-EC0BCD16DBE9}.Debug|Mixed Platforms.Deploy.0 = X86Rel|NIRFlex N-500 (x86)
		{022B984B-01D7-41CE-A38E-EC0BCD16DBE9}.Debug|NIRFlex N-500 (x86).ActiveCfg = X86Rel|NIRFlex N-500 (x86)
		{022B984B-01D7-41CE-A38E-EC0BCD16DBE9}.Debug|NIRFlex N-500 (x86).Build.0 = X86Rel|NIRFlex N-500 (x86)
		{022B984B-01D7-41CE-A38E-EC0BCD16DBE9}.Debug|NIRFlex N-500 (x86).Deploy.0 = X86Rel|NIRFlex N-500 (x86)
		{022B984B-01D7-41CE-A38E-EC0BCD16DBE9}.Debug|Win32.ActiveCfg = Debug|Win32
		{022B984B-01D7-41CE-A38E-EC0BCD16DBE9}.Debug|Win32.Build.0 = Debug|Win32
		{022B984B-01D7-41CE-A38E-EC0BCD16DBE9}.Release|Mixed Platforms.ActiveCfg = X86Rel|NIRFlex N-500 (x86)
		{022B984B-01D7-41CE-A38E-EC0BCD16DBE9}.Release|Mixed Platforms.Build.0 = X86Rel|NIRFlex N-500 (x86)
		{022B984B-01D7-41CE-A38E-EC0BCD16DBE9}.Release|Mixed Platforms.Deploy.0 = X86Rel|NIRFlex N-500 (x86)
		{022B984B-01D7-41CE-A38E-EC0BCD16DBE9}.Release|NIRFlex N-500 (x86).ActiveCfg = X86Rel|NIRFlex N-500 (x86)
		{022B984B-01D7-41CE-A38E-EC0BCD16DBE9}.Release|NIRFlex N-500 (x86).Build.0 = X86Rel|NIRFlex N-500 (x86)
		{022B984B-01D7-41CE-A38E-EC0BCD16DBE9}.Release|NIRFlex N-500 (x86).Deploy.0 = X86Rel|NIRFlex N-500 (x86)
		{022B984B-01D7-41CE-A38E-EC0BCD16DBE9}.Release|Win32.ActiveCfg = X86Rel|NIRFlex N-500 (x86)
		{022B984B-01D7-41CE-A38E-EC0BCD16DBE9}.X86Dbg|Mixed Platforms.ActiveCfg = X86Dbg|NIRFlex N-500 (x86)
		{022B984B-01D7-41CE-A38E-EC0BCD16DBE9}.X86Dbg|Mixed Platforms.Build.0 = X86Dbg|NIRFlex N-500 (x86)
		{022B984B-01D7-41CE-A38E-EC0BCD16DBE9}.X86Dbg|Mixed Platforms.Deploy.0 = X86Dbg|NIRFlex N-500 (x86)
		{022B984B-01D7-41CE-A38E-EC0BCD16DBE9}.X86Dbg|NIRFlex N-500 (x86).ActiveCfg = X86Dbg|NIRFlex N-500 (x86)
		{022B984B-01D7-41CE-A38E-EC0BCD16DBE9}.X86Dbg|NIRFlex N-500 (x86).Build.0 = X86Dbg|NIRFlex N-500 (x86)
		{022B984B-01D7-41CE-A38E-EC0BCD16DBE9}.X86Dbg|NIRFlex N-500 (x86).Deploy.0 = X86Dbg|NIRFlex N-500 (x86)
		{022B984B-01D7-41CE-A38E-EC0BCD16DBE9}.X86Dbg|Win32.ActiveCfg = X86Dbg|NIRFlex N-500 (x86)
		{022B984B-01D7-41CE-A38E-EC0BCD16DBE9}.X86Rel|Mixed Platforms.ActiveCfg = X86Rel|NIRFlex N-500 (x86)
		{022B984B-01D7-41CE-A38E-EC0BCD16DBE9}.X86Rel|Mixed Platforms.Build.0 = X86Rel|NIRFlex N-500 (x86)
		{022B984B-01D7-41CE-A38E-EC0BCD16DBE9}.X86Rel|Mixed Platforms.Deploy.0 = X86Rel|NIRFlex N-500 (x86)
		{022B984B-01D7-41CE-A38E-EC0BCD16DBE9}.X86Rel|NIRFlex N-500 (x86).ActiveCfg = X86Rel|NIRFlex N-500 (x86)
		{022B984B-01D7-41CE-A38E-EC0BCD16DBE9}.X86Rel|NIRFlex N-500 (x86).Build.0 = X86Rel|NIRFlex N-500 (x86)
		{022B984B-01D7-41CE-A38E-EC0BCD16DBE9}.X86Rel|NIRFlex N-500 (x86).Deploy.0 = X86Rel|NIRFlex N-500 (x86)
		{022B984B-01D7-41CE-A38E-EC0BCD16DBE9}.X86Rel|Win32.ActiveCfg = X86Rel|NIRFlex N-500 (x86)
		{CAA47CF2-E7EF-4EE3-AD33-4CAB63597157}.Debug|Mixed Platforms.ActiveCfg = Debug|NIRFlex N-500 (x86)
		{CAA47CF2-E7EF-4EE3-AD33-4CAB63597157}.Debug|Mixed Platforms.Build.0 = Debug|NIRFlex N-500 (x86)
		{CAA47CF2-E7EF-4EE3-AD33-4CAB63597157}.Debug|Mixed Platforms.Deploy.0 = Debug|NIRFlex N-500 (x86)
		{CAA47CF2-E7EF-4EE3-AD33-4CAB63597157}.Debug|NIRFlex N-500 (x86).ActiveCfg = Debug|NIRFlex N-500 (x86)
		{CAA47CF2-E7EF-4EE3-AD33-4CAB63597157}.Debug|NIRFlex N-500 (x86).Build.0 = Debug|NIRFlex N-500 (x86)
		{CAA47CF2-E7EF-4EE3-AD33-4CAB63597157}.Debug|NIRFlex N-500 (x86).Deploy.0 = Debug|NIRFlex N-500 (x86)
		{CAA47CF2-E7EF-4EE3-AD33-4CAB63597157}.Debug|Win32.ActiveCfg = Debug|Win32
		{CAA47CF2-E7EF-4EE3-AD33-4CAB63597157}.Debug|Win32.Build.0 = Debug|Win32
		{CAA47CF2-E7EF-4EE3-AD33-4CAB63597157}.Release|Mixed Platforms.ActiveCfg = Release|NIRFlex N-500 (x86)
		{CAA47CF2-E7EF-4EE3-AD33-4CAB63597157}.Release|Mixed Platforms.Build.0 = Release|NIRFlex N-500 (x86)
		{CAA47CF2-E7EF-4EE3-AD33-4CAB63597157}.Release|Mixed Platforms.Deploy.0 = Release|NIRFlex N-500 (x86)
		{CAA47CF2-E7EF-4EE3-AD33-4CAB63597157}.Release|NIRFlex N-500 (x86).ActiveCfg = Release|NIRFlex N-500 (x86)
		{CAA47CF2-E7EF-4EE3-AD33-4CAB63597157}.Release|NIRFlex N-500 (x86).Build.0 = Release|NIRFlex N-500 (x86)
		{CAA47CF2-E7EF-4EE3-AD33-4CAB63597157}.Release|NIRFlex N-500 (x86).Deploy.0 = Release|NIRFlex N-500 (x86)
		{CAA47CF2-E7EF-4EE3-AD33-4CAB63597157}.Release|Win32.ActiveCfg = Release|Win32
		{CAA47CF2-E7EF-4EE3-AD33-4CAB63597157}.Release|Win32.Build.0 = Release|Win32
		{CAA47CF2-E7EF-4EE3-AD33-4CAB63597157}.X86Dbg|Mixed Platforms.ActiveCfg = X86Dbg|NIRFlex N-500 (x86)
		{CAA47CF2-E7EF-4EE3-AD33-4CAB63597157}.X86Dbg|Mixed Platforms.Build.0 = X86Dbg|NIRFlex N-500 (x86)
		{CAA47CF2-E7EF-4EE3-AD33-4CAB63597157}.X86Dbg|Mixed Platforms.Deploy.0 = X86Dbg|NIRFlex N-500 (x86)
		{CAA47CF2-E7EF-4EE3-AD33-4CAB63597157}.X86Dbg|NIRFlex N-500 (x86).ActiveCfg = X86Dbg|NIRFlex N-500 (x86)
		{CAA47CF2-E7EF-4EE3-AD33-4CAB63597157}.X86Dbg|NIRFlex N-500 (x86).Build.0 = X86Dbg|NIRFlex N-500 (x86)
		{CAA47CF2-E7EF-4EE3-AD33-4CAB63597157}.X86Dbg|NIRFlex N-500 (x86).Deploy.0 = X86Dbg|NIRFlex N-500 (x86)
		{CAA47CF2-E7EF-4EE3-AD33-4CAB63597157}.X86Dbg|Win32.ActiveCfg = X86Dbg|Win32
		{CAA47CF2-E7EF-4EE3-AD33-4CAB63597157}.X86Dbg|Win32.Build.0 = X86Dbg|Win32
		{CAA47CF2-E7EF-4EE3-AD33-4CAB63597157}.X86Rel|Mixed Platforms.ActiveCfg = X86Rel|NIRFlex N-500 (x86)
		{CAA47CF2-E7EF-4EE3-AD33-4CAB63597157}.X86Rel|Mixed Platforms.Build.0 = X86Rel|NIRFlex N-500 (x86)
		{CAA47CF2-E7EF-4EE3-AD33-4CAB63597157}.X86Rel|Mixed Platforms.Deploy.0 = X86Rel|NIRFlex N-500 (x86)
		{CAA47CF2-E7EF-4EE3-AD33-4CAB63597157}.X86Rel|NIRFlex N-500 (x86).ActiveCfg = X86Rel|NIRFlex N-500 (x86)
		{CAA47CF2-E7EF-4EE3-AD33-4CAB63597157}.X86Rel|NIRFlex N-500 (x86).Build.0 = X86Rel|NIRFlex N-500 (x86)
		{CAA47CF2-E7EF-4EE3-AD33-4CAB63597157}.X86Rel|NIRFlex N-500 (x86).Deploy.0 = X86Rel|NIRFlex N-500 (x86)
		{CAA47CF2-E7EF-4EE3-AD33-4CAB63597157}.X86Rel|Win32.ActiveCfg = X86Rel|Win32
		{CAA47CF2-E7EF-4EE3-AD33-4CAB63597157}.X86Rel|Win32.Build.0 = X86Rel|Win32
		{27BBD989-DD1D-4C02-9C8A-E9FB79796DC8}.Debug|Mixed Platforms.ActiveCfg = X86Dbg|NIRFlex N-500 (x86)
		{27BBD989-DD1D-4C02-9C8A-E9FB79796DC8}.Debug|Mixed Platforms.Build.0 = X86Dbg|NIRFlex N-500 (x86)
		{27BBD989-DD1D-4C02-9C8A-E9FB79796DC8}.Debug|Mixed Platforms.Deploy.0 = X86Dbg|NIRFlex N-500 (x86)
		{27BBD989-DD1D-4C02-9C8A-E9FB79796DC8}.Debug|NIRFlex N-500 (x86).ActiveCfg = X86Dbg|NIRFlex N-500 (x86)
		{27BBD989-DD1D-4C02-9C8A-E9FB79796DC8}.Debug|NIRFlex N-500 (x86).Build.0 = X86Dbg|NIRFlex N-500 (x86)
		{27BBD989-DD1D-4C02-9C8A-E9FB79796DC8}.Debug|NIRFlex N-500 (x86).Deploy.0 = X86Dbg|NIRFlex N-500 (x86)
		{27BBD989-DD1D-4C02-9C8A-E9FB79796DC8}.Debug|Win32.ActiveCfg = Debug|Win32
		{27BBD989-DD1D-4C02-9C8A-E9FB79796DC8}.Debug|Win32.Build.0 = Debug|Win32
		{27BBD989-DD1D-4C02-9C8A-E9FB79796DC8}.Release|Mixed Platforms.ActiveCfg = X86Dbg|NIRFlex N-500 (x86)
		{27BBD989-DD1D-4C02-9C8A-E9FB79796DC8}.Release|Mixed Platforms.Build.0 = X86Dbg|NIRFlex N-500 (x86)
		{27BBD989-DD1D-4C02-9C8A-E9FB79796DC8}.Release|Mixed Platforms.Deploy.0 = X86Dbg|NIRFlex N-500 (x86)
		{27BBD989-DD1D-4C02-9C8A-E9FB79796DC8}.Release|NIRFlex N-500 (x86).ActiveCfg = X86Dbg|NIRFlex N-500 (x86)
		{27BBD989-DD1D-4C02-9C8A-E9FB79796DC8}.Release|NIRFlex N-500 (x86).Build.0 = X86Dbg|NIRFlex N-500 (x86)
		{27BBD989-DD1D-4C02-9C8A-E9FB79796DC8}.Release|NIRFlex N-500 (x86).Deploy.0 = X86Dbg|NIRFlex N-500 (x86)
		{27BBD989-DD1D-4C02-9C8A-E9FB79796DC8}.Release|Win32.ActiveCfg = X86Dbg|NIRFlex N-500 (x86)
		{27BBD989-DD1D-4C02-9C8A-E9FB79796DC8}.X86Dbg|Mixed Platforms.ActiveCfg = X86Dbg|NIRFlex N-500 (x86)
		{27BBD989-DD1D-4C02-9C8A-E9FB79796DC8}.X86Dbg|Mixed Platforms.Build.0 = X86Dbg|NIRFlex N-500 (x86)
		{27BBD989-DD1D-4C02-9C8A-E9FB79796DC8}.X86Dbg|Mixed Platforms.Deploy.0 = X86Dbg|NIRFlex N-500 (x86)
		{27BBD989-DD1D-4C02-9C8A-E9FB79796DC8}.X86Dbg|NIRFlex N-500 (x86).ActiveCfg = X86Dbg|NIRFlex N-500 (x86)
		{27BBD989-DD1D-4C02-9C8A-E9FB79796DC8}.X86Dbg|NIRFlex N-500 (x86).Build.0 = X86Dbg|NIRFlex N-500 (x86)
		{27BBD989-DD1D-4C02-9C8A-E9FB79796DC8}.X86Dbg|NIRFlex N-500 (x86).Deploy.0 = X86Dbg|NIRFlex N-500 (x86)
		{27BBD989-DD1D-4C02-9C8A-E9FB79796DC8}.X86Dbg|Win32.ActiveCfg = X86Dbg|NIRFlex N-500 (x86)
		{27BBD989-DD1D-4C02-9C8A-E9FB79796DC8}.X86Rel|Mixed Platforms.ActiveCfg = X86Rel|NIRFlex N-500 (x86)
		{27BBD989-DD1D-4C02-9C8A-E9FB79796DC8}.X86Rel|Mixed Platforms.Build.0 = X86Rel|NIRFlex N-500 (x86)
		{27BBD989-DD1D-4C02-9C8A-E9FB79796DC8}.X86Rel|Mixed Platforms.Deploy.0 = X86Rel|NIRFlex N-500 (x86)
		{27BBD989-DD1D-4C02-9C8A-E9FB79796DC8}.X86Rel|NIRFlex N-500 (x86).ActiveCfg = X86Rel|NIRFlex N-500 (x86)
		{27BBD989-DD1D-4C02-9C8A-E9FB79796DC8}.X86Rel|NIRFlex N-500 (x86).Build.0 = X86Rel|NIRFlex N-500 (x86)
		{27BBD989-DD1D-4C02-9C8A-E9FB79796DC8}.X86Rel|NIRFlex N-500 (x86).Deploy.0 = X86Rel|NIRFlex N-500 (x86)
		{27BBD989-DD1D-4C02-9C8A-E9FB79796DC8}.X86Rel|Win32.ActiveCfg = X86Rel|NIRFlex N-500 (x86)
		{15C69AAA-AF1D-46AC-BA7B-2487D0AEC79A}.Debug|Mixed Platforms.ActiveCfg = X86Rel|NIRFlex N-500 (x86)
		{15C69AAA-AF1D-46AC-BA7B-2487D0AEC79A}.Debug|Mixed Platforms.Build.0 = X86Rel|NIRFlex N-500 (x86)
		{15C69AAA-AF1D-46AC-BA7B-2487D0AEC79A}.Debug|Mixed Platforms.Deploy.0 = X86Rel|NIRFlex N-500 (x86)
		{15C69AAA-AF1D-46AC-BA7B-2487D0AEC79A}.Debug|NIRFlex N-500 (x86).ActiveCfg = X86Rel|NIRFlex N-500 (x86)
		{15C69AAA-AF1D-46AC-BA7B-2487D0AEC79A}.Debug|NIRFlex N-500 (x86).Build.0 = X86Rel|NIRFlex N-500 (x86)
		{15C69AAA-AF1D-46AC-BA7B-2487D0AEC79A}.Debug|NIRFlex N-500 (x86).Deploy.0 = X86Rel|NIRFlex N-500 (x86)
		{15C69AAA-AF1D-46AC-BA7B-2487D0AEC79A}.Debug|Win32.ActiveCfg = Debug|Win32
		{15C69AAA-AF1D-46AC-BA7B-2487D0AEC79A}.Debug|Win32.Build.0 = Debug|Win32
		{15C69AAA-AF1D-46AC-BA7B-2487D0AEC79A}.Release|Mixed Platforms.ActiveCfg = X86Rel|NIRFlex N-500 (x86)
		{15C69AAA-AF1D-46AC-BA7B-2487D0AEC79A}.Release|Mixed Platforms.Build.0 = X86Rel|NIRFlex N-500 (x86)
		{15C69AAA-AF1D-46AC-BA7B-2487D0AEC79A}.Release|Mixed Platforms.Deploy.0 = X86Rel|NIRFlex N-500 (x86)
		{15C69AAA-AF1D-46AC-BA7B-2487D0AEC79A}.Release|NIRFlex N-500 (x86).ActiveCfg = X86Rel|NIRFlex N-500 (x86)
		{15C69AAA-AF1D-46AC-BA7B-2487D0AEC79A}.Release|NIRFlex N-500 (x86).Build.0 = X86Rel|NIRFlex N-500 (x86)
		{15C69AAA-AF1D-46AC-BA7B-2487D0AEC79A}.Release|NIRFlex N-500 (x86).Deploy.0 = X86Rel|NIRFlex N-500 (x86)
		{15C69AAA-AF1D-46AC-BA7B-2487D0AEC79A}.Release|Win32.ActiveCfg = X86Rel|NIRFlex N-500 (x86)
		{15C69AAA-AF1D-46AC-BA7B-2487D0AEC79A}.X86Dbg|Mixed Platforms.ActiveCfg = X86Dbg|NIRFlex N-500 (x86)
		{15C69AAA-AF1D-46AC-BA7B-2487D0AEC79A}.X86Dbg|Mixed Platforms.Build.0 = X86Dbg|NIRFlex N-500 (x86)
		{15C69AAA-AF1D-46AC-BA7B-2487D0AEC79A}.X86Dbg|Mixed Platforms.Deploy.0 = X86Dbg|NIRFlex N-500 (x86)
		{15C69AAA-AF1D-46AC-BA7B-2487D0AEC79A}.X86Dbg|NIRFlex N-500 (x86).ActiveCfg = X86Dbg|NIRFlex N-500 (x86)
		{15C69AAA-AF1D-46AC-BA7B-2487D0AEC79A}.X86Dbg|NIRFlex N-500 (x86).Build.0 = X86Dbg|NIRFlex N-500 (x86)
		{15C69AAA-AF1D-46AC-BA7B-2487D0AEC79A}.X86Dbg|NIRFlex N-500 (x86).Deploy.0 = X86Dbg|NIRFlex N-500 (x86)
		{15C69AAA-AF1D-46AC-BA7B-2487D0AEC79A}.X86Dbg|Win32.ActiveCfg = X86Dbg|NIRFlex N-500 (x86)
		{15C69AAA-AF1D-46AC-BA7B-2487D0AEC79A}.X86Rel|Mixed Platforms.ActiveCfg = X86Rel|NIRFlex N-500 (x86)
		{15C69AAA-AF1D-46AC-BA7B-2487D0AEC79A}.X86Rel|Mixed Platforms.Build.0 = X86Rel|NIRFlex N-500 (x86)
		{15C69AAA-AF1D-46AC-BA7B-2487D0AEC79A}.X86Rel|Mixed Platforms.Deploy.0 = X86Rel|NIRFlex N-500 (x86)
		{15C69AAA-AF1D-46AC-BA7B-2487D0AEC79A}.X86Rel|NIRFlex N-500 (x86).ActiveCfg = X86Rel|NIRFlex N-500 (x86)
		{15C69AAA-AF1D-46AC-BA7B-2487D0AEC79A}.X86Rel|NIRFlex N-500 (x86).Build.0 = X86Rel|NIRFlex N-500 (x86)
		{15C69AAA-AF1D-46AC-BA7B-2487D0AEC79A}.X86Rel|NIRFlex N-500 (x86).Deploy.0 = X86Rel|NIRFlex N-500 (x86)
		{15C69AAA-AF1D-46AC-BA7B-2487D0AEC79A}.X86Rel|Win32.ActiveCfg = X86Rel|NIRFlex N-500 (x86)
		{4DF6CCAA-2B80-41A4-BF31-3B21A58E9DA5}.Debug|Mixed Platforms.ActiveCfg = X86Rel|NIRFlex N-500 (x86)
		{4DF6CCAA-2B80-41A4-BF31-3B21A58E9DA5}.Debug|Mixed Platforms.Build.0 = X86Rel|NIRFlex N-500 (x86)
		{4DF6CCAA-2B80-41A4-BF31-3B21A58E9DA5}.Debug|Mixed Platforms.Deploy.0 = X86Rel|NIRFlex N-500 (x86)
		{4DF6CCAA-2B80-41A4-BF31-3B21A58E9DA5}.Debug|NIRFlex N-500 (x86).ActiveCfg = X86Rel|NIRFlex N-500 (x86)
		{4DF6CCAA-2B80-41A4-BF31-3B21A58E9DA5}.Debug|NIRFlex N-500 (x86).Build.0 = X86Rel|NIRFlex N-500 (x86)
		{4DF6CCAA-2B80-41A4-BF31-3B21A58E9DA5}.Debug|NIRFlex N-500 (x86).Deploy.0 = X86Rel|NIRFlex N-500 (x86)
		{4DF6CCAA-2B80-41A4-BF31-3B21A58E9DA5}.Debug|Win32.ActiveCfg = Debug|Win32
		{4DF6CCAA-2B80-41A4-BF31-3B21A58E9DA5}.Debug|Win32.Build.0 = Debug|Win32
		{4DF6CCAA-2B80-41A4-BF31-3B21A58E9DA5}.Release|Mixed Platforms.ActiveCfg = X86Rel|NIRFlex N-500 (x86)
		{4DF6CCAA-2B80-41A4-BF31-3B21A58E9DA5}.Release|Mixed Platforms.Build.0 = X86Rel|NIRFlex N-500 (x86)
		{4DF6CCAA-2B80-41A4-BF31-3B21A58E9DA5}.Release|Mixed Platforms.Deploy.0 = X86Rel|NIRFlex N-500 (x86)
		{4DF6CCAA-2B80-41A4-BF31-3B21A58E9DA5}.Release|NIRFlex N-500 (x86).ActiveCfg = X86Rel|NIRFlex N-500 (x86)
		{4DF6CCAA-2B80-41A4-BF31-3B21A58E9DA5}.Release|NIRFlex N-500 (x86).Build.0 = X86Rel|NIRFlex N-500 (x86)
		{4DF6CCAA-2B80-41A4-BF31-3B21A58E9DA5}.Release|NIRFlex N-500 (x86).Deploy.0 = X86Rel|NIRFlex N-500 (x86)
		{4DF6CCAA-2B80-41A4-BF31-3B21A58E9DA5}.Release|Win32.ActiveCfg = X86Rel|NIRFlex N-500 (x86)
		{4DF6CCAA-2B80-41A4-BF31-3B21A58E9DA5}.X86Dbg|Mixed Platforms.ActiveCfg = X86Dbg|NIRFlex N-500 (x86)
		{4DF6CCAA-2B80-41A4-BF31-3B21A58E9DA5}.X86Dbg|Mixed Platforms.Build.0 = X86Dbg|NIRFlex N-500 (x86)
		{4DF6CCAA-2B80-41A4-BF31-3B21A58E9DA5}.X86Dbg|Mixed Platforms.Deploy.0 = X86Dbg|NIRFlex N-500 (x86)
		{4DF6CCAA-2B80-41A4-BF31-3B21A58E9DA5}.X86Dbg|NIRFlex N-500 (x86).ActiveCfg = X86Dbg|NIRFlex N-500 (x86)
		{4DF6CCAA-2B80-41A4-BF31-3B21A58E9DA5}.X86Dbg|NIRFlex N-500 (x86).Build.0 = X86Dbg|NIRFlex N-500 (x86)
		{4DF6CCAA-2B80-41A4-BF31-3B21A58E9DA5}.X86Dbg|NIRFlex N-500 (x86).Deploy.0 = X86Dbg|NIRFlex N-500 (x86)
		{4DF6CCAA-2B80-41A4-BF31-3B21A58E9DA5}.X86Dbg|Win32.ActiveCfg = X86Dbg|NIRFlex N-500 (x86)
		{4DF6CCAA-2B80-41A4-BF31-3B21A58E9DA5}.X86Rel|Mixed Platforms.ActiveCfg = X86Rel|NIRFlex N-500 (x86)
		{4DF6CCAA-2B80-41A4-BF31-3B21A58E9DA5}.X86Rel|Mixed Platforms.Build.0 = X86Rel|NIRFlex N-500 (x86)
		{4DF6CCAA-2B80-41A4-BF31-3B21A58E9DA5}.X86Rel|Mixed Platforms.Deploy.0 = X86Rel|NIRFlex N-500 (x86)
		{4DF6CCAA-2B80-41A4-BF31-3B21A58E9DA5}.X86Rel|NIRFlex N-500 (x86).ActiveCfg = X86Rel|NIRFlex N-500 (x86)
		{4DF6CCAA-2B80-41A4-BF31-3B21A58E9DA5}.X86Rel|NIRFlex N-500 (x86).Build.0 = X86Rel|NIRFlex N-500 (x86)
		{4DF6CCAA-2B80-41A4-BF31-3B21A58E9DA5}.X86Rel|NIRFlex N-500 (x86).Deploy.0 = X86Rel|NIRFlex N-500 (x86)
		{4DF6CCAA-2B80-41A4-BF31-3B21A58E9DA5}.X86Rel|Win32.ActiveCfg = X86Rel|NIRFlex N-500 (x86)
		{A024B846-B570-4C11-8B98-84342CD2762B}.Debug|Mixed Platforms.ActiveCfg = X86Dbg|NIRFlex N-500 (x86)
		{A024B846-B570-4C11-8B98-84342CD2762B}.Debug|Mixed Platforms.Build.0 = X86Dbg|NIRFlex N-500 (x86)
		{A024B846-B570-4C11-8B98-84342CD2762B}.Debug|Mixed Platforms.Deploy.0 = X86Dbg|NIRFlex N-500 (x86)
		{A024B846-B570-4C11-8B98-84342CD2762B}.Debug|NIRFlex N-500 (x86).ActiveCfg = X86Dbg|NIRFlex N-500 (x86)
		{A024B846-B570-4C11-8B98-84342CD2762B}.Debug|NIRFlex N-500 (x86).Build.0 = X86Dbg|NIRFlex N-500 (x86)
		{A024B846-B570-4C11-8B98-84342CD2762B}.Debug|NIRFlex N-500 (x86).Deploy.0 = X86Dbg|NIRFlex N-500 (x86)
		{A024B846-B570-4C11-8B98-84342CD2762B}.Debug|Win32.ActiveCfg = Debug|Win32
		{A024B846-B570-4C11-8B98-84342CD2762B}.Debug|Win32.Build.0 = Debug|Win32
		{A024B846-B570-4C11-8B98-84342CD2762B}.Release|Mixed Platforms.ActiveCfg = X86Dbg|NIRFlex N-500 (x86)
		{A024B846-B570-4C11-8B98-84342CD2762B}.Release|Mixed Platforms.Build.0 = X86Dbg|NIRFlex N-500 (x86)
		{A024B846-B570-4C11-8B98-84342CD2762B}.Release|Mixed Platforms.Deploy.0 = X86Dbg|NIRFlex N-500 (x86)
		{A024B846-B570-4C11-8B98-84342CD2762B}.Release|NIRFlex N-500 (x86).ActiveCfg = X86Dbg|NIRFlex N-500 (x86)
		{A024B846-B570-4C11-8B98-84342CD2762B}.Release|NIRFlex N-500 (x86).Build.0 = X86Dbg|NIRFlex N-500 (x86)
		{A024B846-B570-4C11-8B98-84342CD2762B}.Release|NIRFlex N-500 (x86).Deploy.0 = X86Dbg|NIRFlex N-500 (x86)
		{A024B846-B570-4C11-8B98-84342CD2762B}.Release|Win32.ActiveCfg = X86Dbg|NIRFlex N-500 (x86)
		{A024B846-B570-4C11-8B98-84342CD2762B}.X86Dbg|Mixed Platforms.ActiveCfg = X86Dbg|NIRFlex N-500 (x86)
		{A024B846-B570-4C11-8B98-84342CD2762B}.X86Dbg|Mixed Platforms.Build.0 = X86Dbg|NIRFlex N-500 (x86)
		{A024B846-B570-4C11-8B98-84342CD2762B}.X86Dbg|Mixed Platforms.Deploy.0 = X86Dbg|NIRFlex N-500 (x86)
		{A024B846-B570-4C11-8B98-84342CD2762B}.X86Dbg|NIRFlex N-500 (x86).ActiveCfg = X86Dbg|NIRFlex N-500 (x86)
		{A024B846-B570-4C11-8B98-84342CD2762B}.X86Dbg|NIRFlex N-500 (x86).Build.0 = X86Dbg|NIRFlex N-500 (x86)
		{A024B846-B570-4C11-8B98-84342CD2762B}.X86Dbg|NIRFlex N-500 (x86).Deploy.0 = X86Dbg|NIRFlex N-500 (x86)
		{A024B846-B570-4C11-8B98-84342CD2762B}.X86Dbg|Win32.ActiveCfg = X86Dbg|NIRFlex N-500 (x86)
		{A024B846-B570-4C11-8B98-84342CD2762B}.X86Rel|Mixed Platforms.ActiveCfg = X86Rel|NIRFlex N-500 (x86)
		{A024B846-B570-4C11-8B98-84342CD2762B}.X86Rel|Mixed Platforms.Build.0 = X86Rel|NIRFlex N-500 (x86)
		{A024B846-B570-4C11-8B98-84342CD2762B}.X86Rel|Mixed Platforms.Deploy.0 = X86Rel|NIRFlex N-500 (x86)
		{A024B846-B570-4C11-8B98-84342CD2762B}.X86Rel|NIRFlex N-500 (x86).ActiveCfg = X86Rel|NIRFlex N-500 (x86)
		{A024B846-B570-4C11-8B98-84342CD2762B}.X86Rel|NIRFlex N-500 (x86).Build.0 = X86Rel|NIRFlex N-500 (x86)
		{A024B846-B570-4C11-8B98-84342CD2762B}.X86Rel|NIRFlex N-500 (x86).Deploy.0 = X86Rel|NIRFlex N-500 (x86)
		{A024B846-B570-4C11-8B98-84342CD2762B}.X86Rel|Win32.ActiveCfg = X86Rel|NIRFlex N-500 (x86)
		{F87DCC41-254E-4250-92FA-9EBFD534B93E}.Debug|Mixed Platforms.ActiveCfg = X86Rel|NIRFlex N-500 (x86)
		{F87DCC41-254E-4250-92FA-9EBFD534B93E}.Debug|Mixed Platforms.Build.0 = X86Rel|NIRFlex N-500 (x86)
		{F87DCC41-254E-4250-92FA-9EBFD534B93E}.Debug|Mixed Platforms.Deploy.0 = X86Rel|NIRFlex N-500 (x86)
		{F87DCC41-254E-4250-92FA-9EBFD534B93E}.Debug|NIRFlex N-500 (x86).ActiveCfg = X86Rel|NIRFlex N-500 (x86)
		{F87DCC41-254E-4250-92FA-9EBFD534B93E}.Debug|NIRFlex N-500 (x86).Build.0 = X86Rel|NIRFlex N-500 (x86)
		{F87DCC41-254E-4250-92FA-9EBFD534B93E}.Debug|NIRFlex N-500 (x86).Deploy.0 = X86Rel|NIRFlex N-500 (x86)
		{F87DCC41-254E-4250-92FA-9EBFD534B93E}.Debug|Win32.ActiveCfg = Debug|Win32
		{F87DCC41-254E-4250-92FA-9EBFD534B93E}.Debug|Win32.Build.0 = Debug|Win32
		{F87DCC41-254E-4250-92FA-9EBFD534B93E}.Release|Mixed Platforms.ActiveCfg = X86Rel|NIRFlex N-500 (x86)
		{F87DCC41-254E-4250-92FA-9EBFD534B93E}.Release|Mixed Platforms.Build.0 = X86Rel|NIRFlex N-500 (x86)
		{F87DCC41-254E-4250-92FA-9EBFD534B93E}.Release|Mixed Platforms.Deploy.0 = X86Rel|NIRFlex N-500 (x86)
		{F87DCC41-254E-4250-92FA-9EBFD534B93E}.Release|NIRFlex N-500 (x86).ActiveCfg = X86Rel|NIRFlex N-500 (x86)
		{F87DCC41-254E-4250-92FA-9EBFD534B93E}.Release|NIRFlex N-500 (x86).Build.0 = X86Rel|NIRFlex N-500 (x86)
		{F87DCC41-254E-4250-92FA-9EBFD534B93E}.Release|NIRFlex N-500 (x86).Deploy.0 = X86Rel|NIRFlex N-500 (x86)
		{F87DCC41-254E-4250-92FA-9EBFD534B93E}.Release|Win32.ActiveCfg = X86Rel|NIRFlex N-500 (x86)
		{F87DCC41-254E-4250-92FA-9EBFD534B93E}.X86Dbg|Mixed Platforms.ActiveCfg = X86Dbg|NIRFlex N-500 (x86)
		{F87DCC41-254E-4250-92FA-9EBFD534B93E}.X86Dbg|Mixed Platforms.Build.0 = X86Dbg|NIRFlex N-500 (x86)
		{F87DCC41-254E-4250-92FA-9EBFD534B93E}.X86Dbg|Mixed Platforms.Deploy.0 = X86Dbg|NIRFlex N-500 (x86)
		{F87DCC41-254E-4250-92FA-9EBFD534B93E}.X86Dbg|NIRFlex N-500 (x86).ActiveCfg = X86Dbg|NIRFlex N-500 (x86)
		{F87DCC41-254E-4250-92FA-9EBFD534B93E}.X86Dbg|NIRFlex N-500 (x86).Build.0 = X86Dbg|NIRFlex N-500 (x86)
		{F87DCC41-254E-4250-92FA-9EBFD534B93E}.X86Dbg|NIRFlex N-500 (x86).Deploy.0 = X86Dbg|NIRFlex N-500 (x86)
		{F87DCC41-254E-4250-92FA-9EBFD534B93E}.X86Dbg|Win32.ActiveCfg = X86Dbg|Win32
		{F87DCC41-254E-4250-92FA-9EBFD534B93E}.X86Dbg|Win32.Build.0 = X86Dbg|Win32
		{F87DCC41-254E-4250-92FA-9EBFD534B93E}.X86Rel|Mixed Platforms.ActiveCfg = X86Rel|NIRFlex N-500 (x86)
		{F87DCC41-254E-4250-92FA-9EBFD534B93E}.X86Rel|Mixed Platforms.Build.0 = X86Rel|NIRFlex N-500 (x86)
		{F87DCC41-254E-4250-92FA-9EBFD534B93E}.X86Rel|Mixed Platforms.Deploy.0 = X86Rel|NIRFlex N-500 (x86)
		{F87DCC41-254E-4250-92FA-9EBFD534B93E}.X86Rel|NIRFlex N-500 (x86).ActiveCfg = X86Rel|NIRFlex N-500 (x86)
		{F87DCC41-254E-4250-92FA-9EBFD534B93E}.X86Rel|NIRFlex N-500 (x86).Build.0 = X86Rel|NIRFlex N-500 (x86)
		{F87DCC41-254E-4250-92FA-9EBFD534B93E}.X86Rel|NIRFlex N-500 (x86).Deploy.0 = X86Rel|NIRFlex N-500 (x86)
		{F87DCC41-254E-4250-92FA-9EBFD534B93E}.X86Rel|Win32.ActiveCfg = X86Rel|Win32
		{F87DCC41-254E-4250-92FA-9EBFD534B93E}.X86Rel|Win32.Build.0 = X86Rel|Win32
		{C5D638F9-1FD9-4B1C-91DB-80A9386FBD13}.Debug|Mixed Platforms.ActiveCfg = X86Dbg|NIRFlex N-500 (x86)
		{C5D638F9-1FD9-4B1C-91DB-80A9386FBD13}.Debug|Mixed Platforms.Build.0 = X86Dbg|NIRFlex N-500 (x86)
		{C5D638F9-1FD9-4B1C-91DB-80A9386FBD13}.Debug|Mixed Platforms.Deploy.0 = X86Dbg|NIRFlex N-500 (x86)
		{C5D638F9-1FD9-4B1C-91DB-80A9386FBD13}.Debug|NIRFlex N-500 (x86).ActiveCfg = X86Dbg|NIRFlex N-500 (x86)
		{C5D638F9-1FD9-4B1C-91DB-80A9386FBD13}.Debug|NIRFlex N-500 (x86).Build.0 = X86Dbg|NIRFlex N-500 (x86)
		{C5D638F9-1FD9-4B1C-91DB-80A9386FBD13}.Debug|NIRFlex N-500 (x86).Deploy.0 = X86Dbg|NIRFlex N-500 (x86)
		{C5D638F9-1FD9-4B1C-91DB-80A9386FBD13}.Debug|Win32.ActiveCfg = Debug|Win32
		{C5D638F9-1FD9-4B1C-91DB-80A9386FBD13}.Debug|Win32.Build.0 = Debug|Win32
		{C5D638F9-1FD9-4B1C-91DB-80A9386FBD13}.Release|Mixed Platforms.ActiveCfg = X86Dbg|NIRFlex N-500 (x86)
		{C5D638F9-1FD9-4B1C-91DB-80A9386FBD13}.Release|Mixed Platforms.Build.0 = X86Dbg|NIRFlex N-500 (x86)
		{C5D638F9-1FD9-4B1C-91DB-80A9386FBD13}.Release|Mixed Platforms.Deploy.0 = X86Dbg|NIRFlex N-500 (x86)
		{C5D638F9-1FD9-4B1C-91DB-80A9386FBD13}.Release|NIRFlex N-500 (x86).ActiveCfg = X86Dbg|NIRFlex N-500 (x86)
		{C5D638F9-1FD9-4B1C-91DB-80A9386FBD13}.Release|NIRFlex N-500 (x86).Build.0 = X86Dbg|NIRFlex N-500 (x86)
		{C5D638F9-1FD9-4B1C-91DB-80A9386FBD13}.Release|NIRFlex N-500 (x86).Deploy.0 = X86Dbg|NIRFlex N-500 (x86)
		{C5D638F9-1FD9-4B1C-91DB-80A9386FBD13}.Release|Win32.ActiveCfg = X86Dbg|NIRFlex N-500 (x86)
		{C5D638F9-1FD9-4B1C-91DB-80A9386FBD13}.X86Dbg|Mixed Platforms.ActiveCfg = X86Dbg|NIRFlex N-500 (x86)
		{C5D638F9-1FD9-4B1C-91DB-80A9386FBD13}.X86Dbg|Mixed Platforms.Build.0 = X86Dbg|NIRFlex N-500 (x86)
		{C5D638F9-1FD9-4B1C-91DB-80A9386FBD13}.X86Dbg|Mixed Platforms.Deploy.0 = X86Dbg|NIRFlex N-500 (x86)
		{C5D638F9-1FD9-4B1C-91DB-80A9386FBD13}.X86Dbg|NIRFlex N-500 (x86).ActiveCfg = X86Dbg|NIRFlex N-500 (x86)
		{C5D638F9-1FD9-4B1C-91DB-80A9386FBD13}.X86Dbg|NIRFlex N-500 (x86).Build.0 = X86Dbg|NIRFlex N-500 (x86)
		{C5D638F9-1FD9-4B1C-91DB-80A9386FBD13}.X86Dbg|NIRFlex N-500 (x86).Deploy.0 = X86Dbg|NIRFlex N-500 (x86)
		{C5D638F9-1FD9-4B1C-91DB-80A9386FBD13}.X86Dbg|Win32.ActiveCfg = X86Dbg|NIRFlex N-500 (x86)
		{C5D638F9-1FD9-4B1C-91DB-80A9386FBD13}.X86Rel|Mixed Platforms.ActiveCfg = X86Rel|NIRFlex N-500 (x86)
		{C5D638F9-1FD9-4B1C-91DB-80A9386FBD13}.X86Rel|Mixed Platforms.Build.0 = X86Rel|NIRFlex N-500 (x86)
		{C5D638F9-1FD9-4B1C-91DB-80A9386FBD13}.X86Rel|Mixed Platforms.Deploy.0 = X86Rel|NIRFlex N-500 (x86)
		{C5D638F9-1FD9-4B1C-91DB-80A9386FBD13}.X86Rel|NIRFlex N-500 (x86).ActiveCfg = X86Rel|NIRFlex N-500 (x86)
		{C5D638F9-1FD9-4B1C-91DB-80A9386FBD13}.X86Rel|NIRFlex N-500 (x86).Build.0 = X86Rel|NIRFlex N-500 (x86)
		{C5D638F9-1FD9-4B1C-91DB-80A9386FBD13}.X86Rel|NIRFlex N-500 (x86).Deploy.0 = X86Rel|NIRFlex N-500 (x86)
		{C5D638F9-1FD9-4B1C-91DB-80A9386FBD13}.X86Rel|Win32.ActiveCfg = X86Rel|NIRFlex N-500 (x86)
		{141A4E88-0B6B-4C05-AAE9-67E1F28296D1}.Debug|Mixed Platforms.ActiveCfg = X86Dbg|NIRFlex N-500 (x86)
		{141A4E88-0B6B-4C05-AAE9-67E1F28296D1}.Debug|Mixed Platforms.Build.0 = X86Dbg|NIRFlex N-500 (x86)
		{141A4E88-0B6B-4C05-AAE9-67E1F28296D1}.Debug|Mixed Platforms.Deploy.0 = X86Dbg|NIRFlex N-500 (x86)
		{141A4E88-0B6B-4C05-AAE9-67E1F28296D1}.Debug|NIRFlex N-500 (x86).ActiveCfg = X86Dbg|NIRFlex N-500 (x86)
		{141A4E88-0B6B-4C05-AAE9-67E1F28296D1}.Debug|NIRFlex N-500 (x86).Build.0 = X86Dbg|NIRFlex N-500 (x86)
		{141A4E88-0B6B-4C05-AAE9-67E1F28296D1}.Debug|NIRFlex N-500 (x86).Deploy.0 = X86Dbg|NIRFlex N-500 (x86)
		{141A4E88-0B6B-4C05-AAE9-67E1F28296D1}.Debug|Win32.ActiveCfg = Debug|Win32
		{141A4E88-0B6B-4C05-AAE9-67E1F28296D1}.Debug|Win32.Build.0 = Debug|Win32
		{141A4E88-0B6B-4C05-AAE9-67E1F28296D1}.Release|Mixed Platforms.ActiveCfg = X86Dbg|NIRFlex N-500 (x86)
		{141A4E88-0B6B-4C05-AAE9-67E1F28296D1}.Release|Mixed Platforms.Build.0 = X86Dbg|NIRFlex N-500 (x86)
		{141A4E88-0B6B-4C05-AAE9-67E1F28296D1}.Release|Mixed Platforms.Deploy.0 = X86Dbg|NIRFlex N-500 (x86)
		{141A4E88-0B6B-4C05-AAE9-67E1F28296D1}.Release|NIRFlex N-500 (x86).ActiveCfg = X86Dbg|NIRFlex N-500 (x86)
		{141A4E88-0B6B-4C05-AAE9-67E1F28296D1}.Release|NIRFlex N-500 (x86).Build.0 = X86Dbg|NIRFlex N-500 (x86)
		{141A4E88-0B6B-4C05-AAE9-67E1F28296D1}.Release|NIRFlex N-500 (x86).Deploy.0 = X86Dbg|NIRFlex N-500 (x86)
		{141A4E88-0B6B-4C05-AAE9-67E1F28296D1}.Release|Win32.ActiveCfg = X86Dbg|NIRFlex N-500 (x86)
		{141A4E88-0B6B-4C05-AAE9-67E1F28296D1}.X86Dbg|Mixed Platforms.ActiveCfg = X86Dbg|NIRFlex N-500 (x86)
		{141A4E88-0B6B-4C05-AAE9-67E1F28296D1}.X86Dbg|Mixed Platforms.Build.0 = X86Dbg|NIRFlex N-500 (x86)
		{141A4E88-0B6B-4C05-AAE9-67E1F28296D1}.X86Dbg|Mixed Platforms.Deploy.0 = X86Dbg|NIRFlex N-500 (x86)
		{141A4E88-0B6B-4C05-AAE9-67E1F28296D1}.X86Dbg|NIRFlex N-500 (x86).ActiveCfg = X86Dbg|NIRFlex N-500 (x86)
		{141A4E88-0B6B-4C05-AAE9-67E1F28296D1}.X86Dbg|NIRFlex N-500 (x86).Build.0 = X86Dbg|NIRFlex N-500 (x86)
		{141A4E88-0B6B-4C05-AAE9-67E1F28296D1}.X86Dbg|NIRFlex N-500 (x86).Deploy.0 = X86Dbg|NIRFlex N-500 (x86)
		{141A4E88-0B6B-4C05-AAE9-67E1F28296D1}.X86Dbg|Win32.ActiveCfg = X86Dbg|NIRFlex N-500 (x86)
		{141A4E88-0B6B-4C05-AAE9-67E1F28296D1}.X86Rel|Mixed Platforms.ActiveCfg = X86Rel|NIRFlex N-500 (x86)
		{141A4E88-0B6B-4C05-AAE9-67E1F28296D1}.X86Rel|Mixed Platforms.Build.0 = X86Rel|NIRFlex N-500 (x86)
		{141A4E88-0B6B-4C05-AAE9-67E1F28296D1}.X86Rel|Mixed Platforms.Deploy.0 = X86Rel|NIRFlex N-500 (x86)
		{141A4E88-0B6B-4C05-AAE9-67E1F28296D1}.X86Rel|NIRFlex N-500 (x86).ActiveCfg = X86Rel|NIRFlex N-500 (x86)
		{141A4E88-0B6B-4C05-AAE9-67E1F28296D1}.X86Rel|NIRFlex N-500 (x86).Build.0 = X86Rel|NIRFlex N-500 (x86)
		{141A4E88-0B6B-4C05-AAE9-67E1F28296D1}.X86Rel|NIRFlex N-500 (x86).Deploy.0 = X86Rel|NIRFlex N-500 (x86)
		{141A4E88-0B6B-4C05-AAE9-67E1F28296D1}.X86Rel|Win32.ActiveCfg = X86Rel|NIRFlex N-500 (x86)
		{A1E853B3-5E7E-40A0-942F-B3F5FE58ED9B}.Debug|Mixed Platforms.ActiveCfg = X86Dbg|NIRFlex N-500 (x86)
		{A1E853B3-5E7E-40A0-942F-B3F5FE58ED9B}.Debug|Mixed Platforms.Build.0 = X86Dbg|NIRFlex N-500 (x86)
		{A1E853B3-5E7E-40A0-942F-B3F5FE58ED9B}.Debug|Mixed Platforms.Deploy.0 = X86Dbg|NIRFlex N-500 (x86)
		{A1E853B3-5E7E-40A0-942F-B3F5FE58ED9B}.Debug|NIRFlex N-500 (x86).ActiveCfg = X86Dbg|NIRFlex N-500 (x86)
		{A1E853B3-5E7E-40A0-942F-B3F5FE58ED9B}.Debug|NIRFlex N-500 (x86).Build.0 = X86Dbg|NIRFlex N-500 (x86)
		{A1E853B3-5E7E-40A0-942F-B3F5FE58ED9B}.Debug|NIRFlex N-500 (x86).Deploy.0 = X86Dbg|NIRFlex N-500 (x86)
		{A1E853B3-5E7E-40A0-942F-B3F5FE58ED9B}.Debug|Win32.ActiveCfg = Debug|Win32
		{A1E853B3-5E7E-40A0-942F-B3F5FE58ED9B}.Debug|Win32.Build.0 = Debug|Win32
		{A1E853B3-5E7E-40A0-942F-B3F5FE58ED9B}.Release|Mixed Platforms.ActiveCfg = X86Dbg|NIRFlex N-500 (x86)
		{A1E853B3-5E7E-40A0-942F-B3F5FE58ED9B}.Release|Mixed Platforms.Build.0 = X86Dbg|NIRFlex N-500 (x86)
		{A1E853B3-5E7E-40A0-942F-B3F5FE58ED9B}.Release|Mixed Platforms.Deploy.0 = X86Dbg|NIRFlex N-500 (x86)
		{A1E853B3-5E7E-40A0-942F-B3F5FE58ED9B}.Release|NIRFlex N-500 (x86).ActiveCfg = X86Dbg|NIRFlex N-500 (x86)
		{A1E853B3-5E7E-40A0-942F-B3F5FE58ED9B}.Release|NIRFlex N-500 (x86).Build.0 = X86Dbg|NIRFlex N-500 (x86)
		{A1E853B3-5E7E-40A0-942F-B3F5FE58ED9B}.Release|NIRFlex N-500 (x86).Deploy.0 = X86Dbg|NIRFlex N-500 (x86)
		{A1E853B3-5E7E-40A0-942F-B3F5FE58ED9B}.Release|Win32.ActiveCfg = X86Dbg|NIRFlex N-500 (x86)
		{A1E853B3-5E7E-40A0-942F-B3F5FE58ED9B}.X86Dbg|Mixed Platforms.ActiveCfg = X86Dbg|NIRFlex N-500 (x86)
		{A1E853B3-5E7E-40A0-942F-B3F5FE58ED9B}.X86Dbg|Mixed Platforms.Build.0 = X86Dbg|NIRFlex N-500 (x86)
		{A1E853B3-5E7E-40A0-942F-B3F5FE58ED9B}.X86Dbg|Mixed Platforms.Deploy.0 = X86Dbg|NIRFlex N-500 (x86)
		{A1E853B3-5E7E-40A0-942F-B3F5FE58ED9B}.X86Dbg|NIRFlex N-500 (x86).ActiveCfg = X86Dbg|NIRFlex N-500 (x86)
		{A1E853B3-5E7E-40A0-942F-B3F5FE58ED9B}.X86Dbg|NIRFlex N-500 (x86).Build.0 = X86Dbg|NIRFlex N-500 (x86)
		{A1E853B3-5E7E-40A0-942F-B3F5FE58ED9B}.X86Dbg|NIRFlex N-500 (x86).Deploy.0 = X86Dbg|NIRFlex N-500 (x86)
		{A1E853B3-5E7E-40A0-942F-B3F5FE58ED9B}.X86Dbg|Win32.ActiveCfg = X86Dbg|NIRFlex N-500 (x86)
		{A1E853B3-5E7E-40A0-942F-B3F5FE58ED9B}.X86Rel|Mixed Platforms.ActiveCfg = X86Rel|NIRFlex N-500 (x86)
		{A1E853B3-5E7E-40A0-942F-B3F5FE58ED9B}.X86Rel|Mixed Platforms.Build.0 = X86Rel|NIRFlex N-500 (x86)
		{A1E853B3-5E7E-40A0-942F-B3F5FE58ED9B}.X86Rel|Mixed Platforms.Deploy.0 = X86Rel|NIRFlex N-500 (x86)
		{A1E853B3-5E7E-40A0-942F-B3F5FE58ED9B}.X86Rel|NIRFlex N-500 (x86).ActiveCfg = X86Rel|NIRFlex N-500 (x86)
		{A1E853B3-5E7E-40A0-942F-B3F5FE58ED9B}.X86Rel|NIRFlex N-500 (x86).Build.0 = X86Rel|NIRFlex N-500 (x86)
		{A1E853B3-5E7E-40A0-942F-B3F5FE58ED9B}.X86Rel|NIRFlex N-500 (x86).Deploy.0 = X86Rel|NIRFlex N-500 (x86)
		{A1E853B3-5E7E-40A0-942F-B3F5FE58ED9B}.X86Rel|Win32.ActiveCfg = X86Rel|NIRFlex N-500 (x86)
		{764F5D3A-0B54-4B95-9BC4-281A5E945340}.Debug|Mixed Platforms.ActiveCfg = X86Rel|NIRFlex N-500 (x86)
		{764F5D3A-0B54-4B95-9BC4-281A5E945340}.Debug|Mixed Platforms.Build.0 = X86Rel|NIRFlex N-500 (x86)
		{764F5D3A-0B54-4B95-9BC4-281A5E945340}.Debug|Mixed Platforms.Deploy.0 = X86Rel|NIRFlex N-500 (x86)
		{764F5D3A-0B54-4B95-9BC4-281A5E945340}.Debug|NIRFlex N-500 (x86).ActiveCfg = X86Rel|NIRFlex N-500 (x86)
		{764F5D3A-0B54-4B95-9BC4-281A5E945340}.Debug|NIRFlex N-500 (x86).Build.0 = X86Rel|NIRFlex N-500 (x86)
		{764F5D3A-0B54-4B95-9BC4-281A5E945340}.Debug|NIRFlex N-500 (x86).Deploy.0 = X86Rel|NIRFlex N-500 (x86)
		{764F5D3A-0B54-4B95-9BC4-281A5E945340}.Debug|Win32.ActiveCfg = Debug|Win32
		{764F5D3A-0B54-4B95-9BC4-281A5E945340}.Debug|Win32.Build.0 = Debug|Win32
		{764F5D3A-0B54-4B95-9BC4-281A5E945340}.Release|Mixed Platforms.ActiveCfg = X86Rel|NIRFlex N-500 (x86)
		{764F5D3A-0B54-4B95-9BC4-281A5E945340}.Release|Mixed Platforms.Build.0 = X86Rel|NIRFlex N-500 (x86)
		{764F5D3A-0B54-4B95-9BC4-281A5E945340}.Release|Mixed Platforms.Deploy.0 = X86Rel|NIRFlex N-500 (x86)
		{764F5D3A-0B54-4B95-9BC4-281A5E945340}.Release|NIRFlex N-500 (x86).ActiveCfg = X86Rel|NIRFlex N-500 (x86)
		{764F5D3A-0B54-4B95-9BC4-281A5E945340}.Release|NIRFlex N-500 (x86).Build.0 = X86Rel|NIRFlex N-500 (x86)
		{764F5D3A-0B54-4B95-9BC4-281A5E945340}.Release|NIRFlex N-500 (x86).Deploy.0 = X86Rel|NIRFlex N-500 (x86)
		{764F5D3A-0B54-4B95-9BC4-281A5E945340}.Release|Win32.ActiveCfg = X86Rel|NIRFlex N-500 (x86)
		{764F5D3A-0B54-4B95-9BC4-281A5E945340}.X86Dbg|Mixed Platforms.ActiveCfg = X86Dbg|NIRFlex N-500 (x86)
		{764F5D3A-0B54-4B95-9BC4-281A5E945340}.X86Dbg|Mixed Platforms.Build.0 = X86Dbg|NIRFlex N-500 (x86)
		{764F5D3A-0B54-4B95-9BC4-281A5E945340}.X86Dbg|Mixed Platforms.Deploy.0 = X86Dbg|NIRFlex N-500 (x86)
		{764F5D3A-0B54-4B95-9BC4-281A5E945340}.X86Dbg|NIRFlex N-500 (x86).ActiveCfg = X86Dbg|NIRFlex N-500 (x86)
		{764F5D3A-0B54-4B95-9BC4-281A5E945340}.X86Dbg|NIRFlex N-500 (x86).Build.0 = X86Dbg|NIRFlex N-500 (x86)
		{764F5D3A-0B54-4B95-9BC4-281A5E945340}.X86Dbg|NIRFlex N-500 (x86).Deploy.0 = X86Dbg|NIRFlex N-500 (x86)
		{764F5D3A-0B54-4B95-9BC4-281A5E945340}.X86Dbg|Win32.ActiveCfg = X86Dbg|NIRFlex N-500 (x86)
		{764F5D3A-0B54-4B95-9BC4-281A5E945340}.X86Rel|Mixed Platforms.ActiveCfg = X86Rel|NIRFlex N-500 (x86)
		{764F5D3A-0B54-4B95-9BC4-281A5E945340}.X86Rel|Mixed Platforms.Build.0 = X86Rel|NIRFlex N-500 (x86)
		{764F5D3A-0B54-4B95-9BC4-281A5E945340}.X86Rel|Mixed Platforms.Deploy.0 = X86Rel|NIRFlex N-500 (x86)
		{764F5D3A-0B54-4B95-9BC4-281A5E945340}.X86Rel|NIRFlex N-500 (x86).ActiveCfg = X86Rel|NIRFlex N-500 (x86)
		{764F5D3A-0B54-4B95-9BC4-281A5E945340}.X86Rel|NIRFlex N-500 (x86).Build.0 = X86Rel|NIRFlex N-500 (x86)
		{764F5D3A-0B54-4B95-9BC4-281A5E945340}.X86Rel|NIRFlex N-500 (x86).Deploy.0 = X86Rel|NIRFlex N-500 (x86)
		{764F5D3A-0B54-4B95-9BC4-281A5E945340}.X86Rel|Win32.ActiveCfg = X86Rel|NIRFlex N-500 (x86)
		{3353342F-945E-4517-847F-D118415DD324}.Debug|Mixed Platforms.ActiveCfg = X86Rel|NIRFlex N-500 (x86)
		{3353342F-945E-4517-847F-D118415DD324}.Debug|Mixed Platforms.Build.0 = X86Rel|NIRFlex N-500 (x86)
		{3353342F-945E-4517-847F-D118415DD324}.Debug|Mixed Platforms.Deploy.0 = X86Rel|NIRFlex N-500 (x86)
		{3353342F-945E-4517-847F-D118415DD324}.Debug|NIRFlex N-500 (x86).ActiveCfg = X86Rel|NIRFlex N-500 (x86)
		{3353342F-945E-4517-847F-D118415DD324}.Debug|NIRFlex N-500 (x86).Build.0 = X86Rel|NIRFlex N-500 (x86)
		{3353342F-945E-4517-847F-D118415DD324}.Debug|NIRFlex N-500 (x86).Deploy.0 = X86Rel|NIRFlex N-500 (x86)
		{3353342F-945E-4517-847F-D118415DD324}.Debug|Win32.ActiveCfg = Debug|Win32
		{3353342F-945E-4517-847F-D118415DD324}.Debug|Win32.Build.0 = Debug|Win32
		{3353342F-945E-4517-847F-D118415DD324}.Release|Mixed Platforms.ActiveCfg = X86Rel|NIRFlex N-500 (x86)
		{3353342F-945E-4517-847F-D118415DD324}.Release|Mixed Platforms.Build.0 = X86Rel|NIRFlex N-500 (x86)
		{3353342F-945E-4517-847F-D118415DD324}.Release|Mixed Platforms.Deploy.0 = X86Rel|NIRFlex N-500 (x86)
		{3353342F-945E-4517-847F-D118415DD324}.Release|NIRFlex N-500 (x86).ActiveCfg = X86Rel|NIRFlex N-500 (x86)
		{3353342F-945E-4517-847F-D118415DD324}.Release|NIRFlex N-500 (x86).Build.0 = X86Rel|NIRFlex N-500 (x86)
		{3353342F-945E-4517-847F-D118415DD324}.Release|NIRFlex N-500 (x86).Deploy.0 = X86Rel|NIRFlex N-500 (x86)
		{3353342F-945E-4517-847F-D118415DD324}.Release|Win32.ActiveCfg = X86Rel|NIRFlex N-500 (x86)
		{3353342F-945E-4517-847F-D118415DD324}.X86Dbg|Mixed Platforms.ActiveCfg = X86Dbg|NIRFlex N-500 (x86)
		{3353342F-945E-4517-847F-D118415DD324}.X86Dbg|Mixed Platforms.Build.0 = X86Dbg|NIRFlex N-500 (x86)
		{3353342F-945E-4517-847F-D118415DD324}.X86Dbg|Mixed Platforms.Deploy.0 = X86Dbg|NIRFlex N-500 (x86)
		{3353342F-945E-4517-847F-D118415DD324}.X86Dbg|NIRFlex N-500 (x86).ActiveCfg = X86Dbg|NIRFlex N-500 (x86)
		{3353342F-945E-4517-847F-D118415DD324}.X86Dbg|NIRFlex N-500 (x86).Build.0 = X86Dbg|NIRFlex N-500 (x86)
		{3353342F-945E-4517-847F-D118415DD324}.X86Dbg|NIRFlex N-500 (x86).Deploy.0 = X86Dbg|NIRFlex N-500 (x86)
		{3353342F-945E-4517-847F-D118415DD324}.X86Dbg|Win32.ActiveCfg = X86Dbg|Win32
		{3353342F-945E-4517-847F-D118415DD324}.X86Dbg|Win32.Build.0 = X86Dbg|Win32
		{3353342F-945E-4517-847F-D118415DD324}.X86Rel|Mixed Platforms.ActiveCfg = X86Rel|NIRFlex N-500 (x86)
		{3353342F-945E-4517-847F-D118415DD324}.X86Rel|Mixed Platforms.Build.0 = X86Rel|NIRFlex N-500 (x86)
		{3353342F-945E-4517-847F-D118415DD324}.X86Rel|Mixed Platforms.Deploy.0 = X86Rel|NIRFlex N-500 (x86)
		{3353342F-945E-4517-847F-D118415DD324}.X86Rel|NIRFlex N-500 (x86).ActiveCfg = X86Rel|NIRFlex N-500 (x86)
		{3353342F-945E-4517-847F-D118415DD324}.X86Rel|NIRFlex N-500 (x86).Build.0 = X86Rel|NIRFlex N-500 (x86)
		{3353342F-945E-4517-847F-D118415DD324}.X86Rel|NIRFlex N-500 (x86).Deploy.0 = X86Rel|NIRFlex N-500 (x86)
		{3353342F-945E-4517-847F-D118415DD324}.X86Rel|Win32.ActiveCfg = X86Rel|Win32
		{3353342F-945E-4517-847F-D118415DD324}.X86Rel|Win32.Build.0 = X86Rel|Win32
		{25ED796E-73B6-4E4D-92A8-B103752D4D08}.Debug|Mixed Platforms.ActiveCfg = X86Rel|NIRFlex N-500 (x86)
		{25ED796E-73B6-4E4D-92A8-B103752D4D08}.Debug|Mixed Platforms.Build.0 = X86Rel|NIRFlex N-500 (x86)
		{25ED796E-73B6-4E4D-92A8-B103752D4D08}.Debug|Mixed Platforms.Deploy.0 = X86Rel|NIRFlex N-500 (x86)
		{25ED796E-73B6-4E4D-92A8-B103752D4D08}.Debug|NIRFlex N-500 (x86).ActiveCfg = X86Rel|NIRFlex N-500 (x86)
		{25ED796E-73B6-4E4D-92A8-B103752D4D08}.Debug|NIRFlex N-500 (x86).Build.0 = X86Rel|NIRFlex N-500 (x86)
		{25ED796E-73B6-4E4D-92A8-B103752D4D08}.Debug|NIRFlex N-500 (x86).Deploy.0 = X86Rel|NIRFlex N-500 (x86)
		{25ED796E-73B6-4E4D-92A8-B103752D4D08}.Debug|Win32.ActiveCfg = Debug|Win32
		{25ED796E-73B6-4E4D-92A8-B103752D4D08}.Debug|Win32.Build.0 = Debug|Win32
		{25ED796E-73B6-4E4D-92A8-B103752D4D08}.Release|Mixed Platforms.ActiveCfg = X86Rel|NIRFlex N-500 (x86)
		{25ED796E-73B6-4E4D-92A8-B103752D4D08}.Release|Mixed Platforms.Build.0 = X86Rel|NIRFlex N-500 (x86)
		{25ED796E-73B6-4E4D-92A8-B103752D4D08}.Release|Mixed Platforms.Deploy.0 = X86Rel|NIRFlex N-500 (x86)
		{25ED796E-73B6-4E4D-92A8-B103752D4D08}.Release|NIRFlex N-500 (x86).ActiveCfg = X86Rel|NIRFlex N-500 (x86)
		{25ED796E-73B6-4E4D-92A8-B103752D4D08}.Release|NIRFlex N-500 (x86).Build.0 = X86Rel|NIRFlex N-500 (x86)
		{25ED796E-73B6-4E4D-92A8-B103752D4D08}.Release|NIRFlex N-500 (x86).Deploy.0 = X86Rel|NIRFlex N-500 (x86)
		{25ED796E-73B6-4E4D-92A8-B103752D4D08}.Release|Win32.ActiveCfg = X86Rel|NIRFlex N-500 (x86)
		{25ED796E-73B6-4E4D-92A8-B103752D4D08}.X86Dbg|Mixed Platforms.ActiveCfg = X86Dbg|NIRFlex N-500 (x86)
		{25ED796E-73B6-4E4D-92A8-B103752D4D08}.X86Dbg|Mixed Platforms.Build.0 = X86Dbg|NIRFlex N-500 (x86)
		{25ED796E-73B6-4E4D-92A8-B103752D4D08}.X86Dbg|Mixed Platforms.Deploy.0 = X86Dbg|NIRFlex N-500 (x86)
		{25ED796E-73B6-4E4D-92A8-B103752D4D08}.X86Dbg|NIRFlex N-500 (x86).ActiveCfg = X86Dbg|NIRFlex N-500 (x86)
		{25ED796E-73B6-4E4D-92A8-B103752D4D08}.X86Dbg|NIRFlex N-500 (x86).Build.0 = X86Dbg|NIRFlex N-500 (x86)
		{25ED796E-73B6-4E4D-92A8-B103752D4D08}.X86Dbg|NIRFlex N-500 (x86).Deploy.0 = X86Dbg|NIRFlex N-500 (x86)
		{25ED796E-73B6-4E4D-92A8-B103752D4D08}.X86Dbg|Win32.ActiveCfg = X86Dbg|Win32
		{25ED796E-73B6-4E4D-92A8-B103752D4D08}.X86Dbg|Win32.Build.0 = X86Dbg|Win32
		{25ED796E-73B6-4E4D-92A8-B103752D4D08}.X86Rel|Mixed Platforms.ActiveCfg = X86Rel|NIRFlex N-500 (x86)
		{25ED796E-73B6-4E4D-92A8-B103752D4D08}.X86Rel|Mixed Platforms.Build.0 = X86Rel|NIRFlex N-500 (x86)
		{25ED796E-73B6-4E4D-92A8-B103752D4D08}.X86Rel|Mixed Platforms.Deploy.0 = X86Rel|NIRFlex N-500 (x86)
		{25ED796E-73B6-4E4D-92A8-B103752D4D08}.X86Rel|NIRFlex N-500 (x86).ActiveCfg = X86Rel|NIRFlex N-500 (x86)
		{25ED796E-73B6-4E4D-92A8-B103752D4D08}.X86Rel|NIRFlex N-500 (x86).Build.0 = X86Rel|NIRFlex N-500 (x86)
		{25ED796E-73B6-4E4D-92A8-B103752D4D08}.X86Rel|NIRFlex N-500 (x86).Deploy.0 = X86Rel|NIRFlex N-500 (x86)
		{25ED796E-73B6-4E4D-92A8-B103752D4D08}.X86Rel|Win32.ActiveCfg = X86Rel|Win32
		{25ED796E-73B6-4E4D-92A8-B103752D4D08}.X86Rel|Win32.Build.0 = X86Rel|Win32
		{9F78734A-31C2-4E39-BC5C-51BECDF054E2}.Debug|Mixed Platforms.ActiveCfg = X86Rel|NIRFlex N-500 (x86)
		{9F78734A-31C2-4E39-BC5C-51BECDF054E2}.Debug|Mixed Platforms.Build.0 = X86Rel|NIRFlex N-500 (x86)
		{9F78734A-31C2-4E39-BC5C-51BECDF054E2}.Debug|Mixed Platforms.Deploy.0 = X86Rel|NIRFlex N-500 (x86)
		{9F78734A-31C2-4E39-BC5C-51BECDF054E2}.Debug|NIRFlex N-500 (x86).ActiveCfg = X86Rel|NIRFlex N-500 (x86)
		{9F78734A-31C2-4E39-BC5C-51BECDF054E2}.Debug|NIRFlex N-500 (x86).Build.0 = X86Rel|NIRFlex N-500 (x86)
		{9F78734A-31C2-4E39-BC5C-51BECDF054E2}.Debug|NIRFlex N-500 (x86).Deploy.0 = X86Rel|NIRFlex N-500 (x86)
		{9F78734A-31C2-4E39-BC5C-51BECDF054E2}.Debug|Win32.ActiveCfg = Debug|Win32
		{9F78734A-31C2-4E39-BC5C-51BECDF054E2}.Debug|Win32.Build.0 = Debug|Win32
		{9F78734A-31C2-4E39-BC5C-51BECDF054E2}.Release|Mixed Platforms.ActiveCfg = X86Rel|NIRFlex N-500 (x86)
		{9F78734A-31C2-4E39-BC5C-51BECDF054E2}.Release|Mixed Platforms.Build.0 = X86Rel|NIRFlex N-500 (x86)
		{9F78734A-31C2-4E39-BC5C-51BECDF054E2}.Release|Mixed Platforms.Deploy.0 = X86Rel|NIRFlex N-500 (x86)
		{9F78734A-31C2-4E39-BC5C-51BECDF054E2}.Release|NIRFlex N-500 (x86).ActiveCfg = X86Rel|NIRFlex N-500 (x86)
		{9F78734A-31C2-4E39-BC5C-51BECDF054E2}.Release|NIRFlex N-500 (x86).Build.0 = X86Rel|NIRFlex N-500 (x86)
		{9F78734A-31C2-4E39-BC5C-51BECDF054E2}.Release|NIRFlex N-500 (x86).Deploy.0 = X86Rel|NIRFlex N-500 (x86)
		{9F78734A-31C2-4E39-BC5C-51BECDF054E2}.Release|Win32.ActiveCfg = X86Rel|NIRFlex N-500 (x86)
		{9F78734A-31C2-4E39-BC5C-51BECDF054E2}.X86Dbg|Mixed Platforms.ActiveCfg = X86Dbg|NIRFlex N-500 (x86)
		{9F78734A-31C2-4E39-BC5C-51BECDF054E2}.X86Dbg|Mixed Platforms.Build.0 = X86Dbg|NIRFlex N-500 (x86)
		{9F78734A-31C2-4E39-BC5C-51BECDF054E2}.X86Dbg|Mixed Platforms.Deploy.0 = X86Dbg|NIRFlex N-500 (x86)
		{9F78734A-31C2-4E39-BC5C-51BECDF054E2}.X86Dbg|NIRFlex N-500 (x86).ActiveCfg = X86Dbg|NIRFlex N-500 (x86)
		{9F78734A-31C2-4E39-BC5C-51BECDF054E2}.X86Dbg|NIRFlex N-500 (x86).Build.0 = X86Dbg|NIRFlex N-500 (x86)
		{9F78734A-31C2-4E39-BC5C-51BECDF054E2}.X86Dbg|NIRFlex N-500 (x86).Deploy.0 = X86Dbg|NIRFlex N-500 (x86)
		{9F78734A-31C2-4E39-BC5C-51BECDF054E2}.X86Dbg|Win32.ActiveCfg = X86Dbg|NIRFlex N-500 (x86)
		{9F78734A-31C2-4E39-BC5C-51BECDF054E2}.X86Rel|Mixed Platforms.ActiveCfg = X86Rel|NIRFlex N-500 (x86)
		{9F78734A-31C2-4E39-BC5C-51BECDF054E2}.X86Rel|Mixed Platforms.Build.0 = X86Rel|NIRFlex N-500 (x86)
		{9F78734A-31C2-4E39-BC5C-51BECDF054E2}.X86Rel|Mixed Platforms.Deploy.0 = X86Rel|NIRFlex N-500 (x86)
		{9F78734A-31C2-4E39-BC5C-51BECDF054E2}.X86Rel|NIRFlex N-500 (x86).ActiveCfg = X86Rel|NIRFlex N-500 (x86)
		{9F78734A-31C2-4E39-BC5C-51BECDF054E2}.X86Rel|NIRFlex N-500 (x86).Build.0 = X86Rel|NIRFlex N-500 (x86)
		{9F78734A-31C2-4E39-BC5C-51BECDF054E2}.X86Rel|NIRFlex N-500 (x86).Deploy.0 = X86Rel|NIRFlex N-500 (x86)
		{9F78734A-31C2-4E39-BC5C-51BECDF054E2}.X86Rel|Win32.ActiveCfg = X86Rel|NIRFlex N-500 (x86)
		{F1B0209D-2E27-47C0-8C0E-FCDF327357BE}.Debug|Mixed Platforms.ActiveCfg = X86Rel|NIRFlex N-500 (x86)
		{F1B0209D-2E27-47C0-8C0E-FCDF327357BE}.Debug|Mixed Platforms.Build.0 = X86Rel|NIRFlex N-500 (x86)
		{F1B0209D-2E27-47C0-8C0E-FCDF327357BE}.Debug|Mixed Platforms.Deploy.0 = X86Rel|NIRFlex N-500 (x86)
		{F1B0209D-2E27-47C0-8C0E-FCDF327357BE}.Debug|NIRFlex N-500 (x86).ActiveCfg = X86Rel|NIRFlex N-500 (x86)
		{F1B0209D-2E27-47C0-8C0E-FCDF327357BE}.Debug|NIRFlex N-500 (x86).Build.0 = X86Rel|NIRFlex N-500 (x86)
		{F1B0209D-2E27-47C0-8C0E-FCDF327357BE}.Debug|NIRFlex N-500 (x86).Deploy.0 = X86Rel|NIRFlex N-500 (x86)
		{F1B0209D-2E27-47C0-8C0E-FCDF327357BE}.Debug|Win32.ActiveCfg = Debug|Win32
		{F1B0209D-2E27-47C0-8C0E-FCDF327357BE}.Debug|Win32.Build.0 = Debug|Win32
		{F1B0209D-2E27-47C0-8C0E-FCDF327357BE}.Release|Mixed Platforms.ActiveCfg = X86Rel|NIRFlex N-500 (x86)
		{F1B0209D-2E27-47C0-8C0E-FCDF327357BE}.Release|Mixed Platforms.Build.0 = X86Rel|NIRFlex N-500 (x86)
		{F1B0209D-2E27-47C0-8C0E-FCDF327357BE}.Release|Mixed Platforms.Deploy.0 = X86Rel|NIRFlex N-500 (x86)
		{F1B0209D-2E27-47C0-8C0E-FCDF327357BE}.Release|NIRFlex N-500 (x86).ActiveCfg = X86Rel|NIRFlex N-500 (x86)
		{F1B0209D-2E27-47C0-8C0E-FCDF327357BE}.Release|NIRFlex N-500 (x86).Build.0 = X86Rel|NIRFlex N-500 (x86)
		{F1B0209D-2E27-47C0-8C0E-FCDF327357BE}.Release|NIRFlex N-500 (x86).Deploy.0 = X86Rel|NIRFlex N-500 (x86)
		{F1B0209D-2E27-47C0-8C0E-FCDF327357BE}.Release|Win32.ActiveCfg = X86Rel|NIRFlex N-500 (x86)
		{F1B0209D-2E27-47C0-8C0E-FCDF327357BE}.X86Dbg|Mixed Platforms.ActiveCfg = X86Dbg|NIRFlex N-500 (x86)
		{F1B0209D-2E27-47C0-8C0E-FCDF327357BE}.X86Dbg|Mixed Platforms.Build.0 = X86Dbg|NIRFlex N-500 (x86)
		{F1B0209D-2E27-47C0-8C0E-FCDF327357BE}.X86Dbg|Mixed Platforms.Deploy.0 = X86Dbg|NIRFlex N-500 (x86)
		{F1B0209D-2E27-47C0-8C0E-FCDF327357BE}.X86Dbg|NIRFlex N-500 (x86).ActiveCfg = X86Dbg|NIRFlex N-500 (x86)
		{F1B0209D-2E27-47C0-8C0E-FCDF327357BE}.X86Dbg|NIRFlex N-500 (x86).Build.0 = X86Dbg|NIRFlex N-500 (x86)
		{F1B0209D-2E27-47C0-8C0E-FCDF327357BE}.X86Dbg|NIRFlex N-500 (x86).Deploy.0 = X86Dbg|NIRFlex N-500 (x86)
		{F1B0209D-2E27-47C0-8C0E-FCDF327357BE}.X86Dbg|Win32.ActiveCfg = X86Dbg|NIRFlex N-500 (x86)
		{F1B0209D-2E27-47C0-8C0E-FCDF327357BE}.X86Rel|Mixed Platforms.ActiveCfg = X86Rel|NIRFlex N-500 (x86)
		{F1B0209D-2E27-47C0-8C0E-FCDF327357BE}.X86Rel|Mixed Platforms.Build.0 = X86Rel|NIRFlex N-500 (x86)
		{F1B0209D-2E27-47C0-8C0E-FCDF327357BE}.X86Rel|Mixed Platforms.Deploy.0 = X86Rel|NIRFlex N-500 (x86)
		{F1B0209D-2E27-47C0-8C0E-FCDF327357BE}.X86Rel|NIRFlex N-500 (x86).ActiveCfg = X86Rel|NIRFlex N-500 (x86)
		{F1B0209D-2E27-47C0-8C0E-FCDF327357BE}.X86Rel|NIRFlex N-500 (x86).Build.0 = X86Rel|NIRFlex N-500 (x86)
		{F1B0209D-2E27-47C0-8C0E-FCDF327357BE}.X86Rel|NIRFlex N-500 (x86).Deploy.0 = X86Rel|NIRFlex N-500 (x86)
		{F1B0209D-2E27-47C0-8C0E-FCDF327357BE}.X86Rel|Win32.ActiveCfg = X86Rel|NIRFlex N-500 (x86)
		{57C83E18-4A67-4715-9E94-C17566AB48A3}.Debug|Mixed Platforms.ActiveCfg = X86Rel|NIRFlex N-500 (x86)
		{57C83E18-4A67-4715-9E94-C17566AB48A3}.Debug|Mixed Platforms.Build.0 = X86Rel|NIRFlex N-500 (x86)
		{57C83E18-4A67-4715-9E94-C17566AB48A3}.Debug|Mixed Platforms.Deploy.0 = X86Rel|NIRFlex N-500 (x86)
		{57C83E18-4A67-4715-9E94-C17566AB48A3}.Debug|NIRFlex N-500 (x86).ActiveCfg = X86Rel|NIRFlex N-500 (x86)
		{57C83E18-4A67-4715-9E94-C17566AB48A3}.Debug|NIRFlex N-500 (x86).Build.0 = X86Rel|NIRFlex N-500 (x86)
		{57C83E18-4A67-4715-9E94-C17566AB48A3}.Debug|NIRFlex N-500 (x86).Deploy.0 = X86Rel|NIRFlex N-500 (x86)
		{57C83E18-4A67-4715-9E94-C17566AB48A3}.Debug|Win32.ActiveCfg = Debug|Win32
		{57C83E18-4A67-4715-9E94-C17566AB48A3}.Debug|Win32.Build.0 = Debug|Win32
		{57C83E18-4A67-4715-9E94-C17566AB48A3}.Release|Mixed Platforms.ActiveCfg = X86Rel|NIRFlex N-500 (x86)
		{57C83E18-4A67-4715-9E94-C17566AB48A3}.Release|Mixed Platforms.Build.0 = X86Rel|NIRFlex N-500 (x86)
		{57C83E18-4A67-4715-9E94-C17566AB48A3}.Release|Mixed Platforms.Deploy.0 = X86Rel|NIRFlex N-500 (x86)
		{57C83E18-4A67-4715-9E94-C17566AB48A3}.Release|NIRFlex N-500 (x86).ActiveCfg = X86Rel|NIRFlex N-500 (x86)
		{57C83E18-4A67-4715-9E94-C17566AB48A3}.Release|NIRFlex N-500 (x86).Build.0 = X86Rel|NIRFlex N-500 (x86)
		{57C83E18-4A67-4715-9E94-C17566AB48A3}.Release|NIRFlex N-500 (x86).Deploy.0 = X86Rel|NIRFlex N-500 (x86)
		{57C83E18-4A67-4715-9E94-C17566AB48A3}.Release|Win32.ActiveCfg = X86Rel|NIRFlex N-500 (x86)
		{57C83E18-4A67-4715-9E94-C17566AB48A3}.X86Dbg|Mixed Platforms.ActiveCfg = X86Dbg|NIRFlex N-500 (x86)
		{57C83E18-4A67-4715-9E94-C17566AB48A3}.X86Dbg|Mixed Platforms.Build.0 = X86Dbg|NIRFlex N-500 (x86)
		{57C83E18-4A67-4715-9E94-C17566AB48A3}.X86Dbg|Mixed Platforms.Deploy.0 = X86Dbg|NIRFlex N-500 (x86)
		{57C83E18-4A67-4715-9E94-C17566AB48A3}.X86Dbg|NIRFlex N-500 (x86).ActiveCfg = X86Dbg|NIRFlex N-500 (x86)
		{57C83E18-4A67-4715-9E94-C17566AB48A3}.X86Dbg|NIRFlex N-500 (x86).Build.0 = X86Dbg|NIRFlex N-500 (x86)
		{57C83E18-4A67-4715-9E94-C17566AB48A3}.X86Dbg|NIRFlex N-500 (x86).Deploy.0 = X86Dbg|NIRFlex N-500 (x86)
		{57C83E18-4A67-4715-9E94-C17566AB48A3}.X86Dbg|Win32.ActiveCfg = X86Dbg|NIRFlex N-500 (x86)
		{57C83E18-4A67-4715-9E94-C17566AB48A3}.X86Rel|Mixed Platforms.ActiveCfg = X86Rel|NIRFlex N-500 (x86)
		{57C83E18-4A67-4715-9E94-C17566AB48A3}.X86Rel|Mixed Platforms.Build.0 = X86Rel|NIRFlex N-500 (x86)
		{57C83E18-4A67-4715-9E94-C17566AB48A3}.X86Rel|Mixed Platforms.Deploy.0 = X86Rel|NIRFlex N-500 (x86)
		{57C83E18-4A67-4715-9E94-C17566AB48A3}.X86Rel|NIRFlex N-500 (x86).ActiveCfg = X86Rel|NIRFlex N-500 (x86)
		{57C83E18-4A67-4715-9E94-C17566AB48A3}.X86Rel|NIRFlex N-500 (x86).Build.0 = X86Rel|NIRFlex N-500 (x86)
		{57C83E18-4A67-4715-9E94-C17566AB48A3}.X86Rel|NIRFlex N-500 (x86).Deploy.0 = X86Rel|NIRFlex N-500 (x86)
		{57C83E18-4A67-4715-9E94-C17566AB48A3}.X86Rel|Win32.ActiveCfg = X86Rel|NIRFlex N-500 (x86)
		{022F6A18-E330-4AC5-B2F5-78719E791FAE}.Debug|Mixed Platforms.ActiveCfg = X86Dbg|NIRFlex N-500 (x86)
		{022F6A18-E330-4AC5-B2F5-78719E791FAE}.Debug|Mixed Platforms.Build.0 = X86Dbg|NIRFlex N-500 (x86)
		{022F6A18-E330-4AC5-B2F5-78719E791FAE}.Debug|Mixed Platforms.Deploy.0 = X86Dbg|NIRFlex N-500 (x86)
		{022F6A18-E330-4AC5-B2F5-78719E791FAE}.Debug|NIRFlex N-500 (x86).ActiveCfg = X86Dbg|NIRFlex N-500 (x86)
		{022F6A18-E330-4AC5-B2F5-78719E791FAE}.Debug|NIRFlex N-500 (x86).Build.0 = X86Dbg|NIRFlex N-500 (x86)
		{022F6A18-E330-4AC5-B2F5-78719E791FAE}.Debug|NIRFlex N-500 (x86).Deploy.0 = X86Dbg|NIRFlex N-500 (x86)
		{022F6A18-E330-4AC5-B2F5-78719E791FAE}.Debug|Win32.ActiveCfg = Debug|Win32
		{022F6A18-E330-4AC5-B2F5-78719E791FAE}.Debug|Win32.Build.0 = Debug|Win32
		{022F6A18-E330-4AC5-B2F5-78719E791FAE}.Release|Mixed Platforms.ActiveCfg = X86Dbg|NIRFlex N-500 (x86)
		{022F6A18-E330-4AC5-B2F5-78719E791FAE}.Release|Mixed Platforms.Build.0 = X86Dbg|NIRFlex N-500 (x86)
		{022F6A18-E330-4AC5-B2F5-78719E791FAE}.Release|Mixed Platforms.Deploy.0 = X86Dbg|NIRFlex N-500 (x86)
		{022F6A18-E330-4AC5-B2F5-78719E791FAE}.Release|NIRFlex N-500 (x86).ActiveCfg = X86Dbg|NIRFlex N-500 (x86)
		{022F6A18-E330-4AC5-B2F5-78719E791FAE}.Release|NIRFlex N-500 (x86).Build.0 = X86Dbg|NIRFlex N-500 (x86)
		{022F6A18-E330-4AC5-B2F5-78719E791FAE}.Release|NIRFlex N-500 (x86).Deploy.0 = X86Dbg|NIRFlex N-500 (x86)
		{022F6A18-E330-4AC5-B2F5-78719E791FAE}.Release|Win32.ActiveCfg = X86Dbg|NIRFlex N-500 (x86)
		{022F6A18-E330-4AC5-B2F5-78719E791FAE}.X86Dbg|Mixed Platforms.ActiveCfg = X86Dbg|NIRFlex N-500 (x86)
		{022F6A18-E330-4AC5-B2F5-78719E791FAE}.X86Dbg|Mixed Platforms.Build.0 = X86Dbg|NIRFlex N-500 (x86)
		{022F6A18-E330-4AC5-B2F5-78719E791FAE}.X86Dbg|Mixed Platforms.Deploy.0 = X86Dbg|NIRFlex N-500 (x86)
		{022F6A18-E330-4AC5-B2F5-78719E791FAE}.X86Dbg|NIRFlex N-500 (x86).ActiveCfg = X86Dbg|NIRFlex N-500 (x86)
		{022F6A18-E330-4AC5-B2F5-78719E791FAE}.X86Dbg|NIRFlex N-500 (x86).Build.0 = X86Dbg|NIRFlex N-500 (x86)
		{022F6A18-E330-4AC5-B2F5-78719E791FAE}.X86Dbg|NIRFlex N-500 (x86).Deploy.0 = X86Dbg|NIRFlex N-500 (x86)
		{022F6A18-E330-4AC5-B2F5-78719E791FAE}.X86Dbg|Win32.ActiveCfg = X86Dbg|NIRFlex N-500 (x86)
		{022F6A18-E330-4AC5-B2F5-78719E791FAE}.X86Rel|Mixed Platforms.ActiveCfg = X86Rel|NIRFlex N-500 (x86)
		{022F6A18-E330-4AC5-B2F5-78719E791FAE}.X86Rel|Mixed Platforms.Build.0 = X86Rel|NIRFlex N-500 (x86)
		{022F6A18-E330-4AC5-B2F5-78719E791FAE}.X86Rel|Mixed Platforms.Deploy.0 = X86Rel|NIRFlex N-500 (x86)
		{022F6A18-E330-4AC5-B2F5-78719E791FAE}.X86Rel|NIRFlex N-500 (x86).ActiveCfg = X86Rel|NIRFlex N-500 (x86)
		{022F6A18-E330-4AC5-B2F5-78719E791FAE}.X86Rel|NIRFlex N-500 (x86).Build.0 = X86Rel|NIRFlex N-500 (x86)
		{022F6A18-E330-4AC5-B2F5-78719E791FAE}.X86Rel|NIRFlex N-500 (x86).Deploy.0 = X86Rel|NIRFlex N-500 (x86)
		{022F6A18-E330-4AC5-B2F5-78719E791FAE}.X86Rel|Win32.ActiveCfg = X86Rel|NIRFlex N-500 (x86)
	EndGlobalSection
	GlobalSection(SolutionProperties) = preSolution
		HideSolutionNode = FALSE
	EndGlobalSection
EndGlobal
