
Microsoft Visual Studio Solution File, Format Version 12.00
# Visual Studio Version 17
VisualStudioVersion = 17.9.34701.34
MinimumVisualStudioVersion = 10.0.40219.1
Project("{8BC9CEB8-8B4A-11D0-8D11-00A0C91BC942}") = "Sputnik_DSP_CPP", "Sputnik_DSP_CPP\Sputnik_DSP_CPP.vcxproj", "{95B26800-2347-4FD3-8303-139EDDDFA7FF}"
EndProject
Project("{8BC9CEB8-8B4A-11D0-8D11-00A0C91BC942}") = "Test", "Test\Test.vcxproj", "{6B248B2E-2C38-4EF5-BCF2-17659B508BD8}"
EndProject
Global
	GlobalSection(SolutionConfigurationPlatforms) = preSolution
		Debug|x64 = Debug|x64
		Debug|x86 = Debug|x86
		Release|x64 = Release|x64
		Release|x86 = Release|x86
	EndGlobalSection
	GlobalSection(ProjectConfigurationPlatforms) = postSolution
		{95B26800-2347-4FD3-8303-139EDDDFA7FF}.Debug|x64.ActiveCfg = Debug|x64
		{95B26800-2347-4FD3-8303-139EDDDFA7FF}.Debug|x64.Build.0 = Debug|x64
		{95B26800-2347-4FD3-8303-139EDDDFA7FF}.Debug|x86.ActiveCfg = Debug|Win32
		{95B26800-2347-4FD3-8303-139EDDDFA7FF}.Debug|x86.Build.0 = Debug|Win32
		{95B26800-2347-4FD3-8303-139EDDDFA7FF}.Release|x64.ActiveCfg = Release|x64
		{95B26800-2347-4FD3-8303-139EDDDFA7FF}.Release|x64.Build.0 = Release|x64
		{95B26800-2347-4FD3-8303-139EDDDFA7FF}.Release|x86.ActiveCfg = Release|Win32
		{95B26800-2347-4FD3-8303-139EDDDFA7FF}.Release|x86.Build.0 = Release|Win32
		{6B248B2E-2C38-4EF5-BCF2-17659B508BD8}.Debug|x64.ActiveCfg = Debug|x64
		{6B248B2E-2C38-4EF5-BCF2-17659B508BD8}.Debug|x64.Build.0 = Debug|x64
		{6B248B2E-2C38-4EF5-BCF2-17659B508BD8}.Debug|x86.ActiveCfg = Debug|Win32
		{6B248B2E-2C38-4EF5-BCF2-17659B508BD8}.Debug|x86.Build.0 = Debug|Win32
		{6B248B2E-2C38-4EF5-BCF2-17659B508BD8}.Release|x64.ActiveCfg = Release|x64
		{6B248B2E-2C38-4EF5-BCF2-17659B508BD8}.Release|x64.Build.0 = Release|x64
		{6B248B2E-2C38-4EF5-BCF2-17659B508BD8}.Release|x86.ActiveCfg = Release|Win32
		{6B248B2E-2C38-4EF5-BCF2-17659B508BD8}.Release|x86.Build.0 = Release|Win32
	EndGlobalSection
	GlobalSection(SolutionProperties) = preSolution
		HideSolutionNode = FALSE
	EndGlobalSection
	GlobalSection(ExtensibilityGlobals) = postSolution
		SolutionGuid = {83F9AF5A-E917-4DB2-A394-6667E8CE853B}
	EndGlobalSection
EndGlobal
