
Microsoft Visual Studio Solution File, Format Version 12.00
# Visual Studio Version 17
VisualStudioVersion = 17.8.34525.116
MinimumVisualStudioVersion = 10.0.40219.1
Project("{FAE04EC0-301F-11D3-BF4B-00C04F79EFBC}") = "N500_DSP", "N500_DSP\N500_DSP.csproj", "{7B240014-ACEC-40AF-9BA5-C05216C0F381}"
EndProject
Project("{FAE04EC0-301F-11D3-BF4B-00C04F79EFBC}") = "TBCM", "TBCM\TBCM.csproj", "{19DD35A0-852F-4288-89DD-0ED0C12DE7AF}"
EndProject
Project("{FAE04EC0-301F-11D3-BF4B-00C04F79EFBC}") = "TBET", "TBET\TBET.csproj", "{DF099782-1D6B-4DC6-ADED-7D30DD9F1EDC}"
EndProject
Project("{FAE04EC0-301F-11D3-BF4B-00C04F79EFBC}") = "DQSI", "DQSI\DQSI.csproj", "{8F8A77BF-8DAA-46B7-929C-89B6CB3B185F}"
EndProject
Project("{FAE04EC0-301F-11D3-BF4B-00C04F79EFBC}") = "COMT", "COMT\COMT.csproj", "{6763DDE0-4906-4AD0-9A8D-2F14A0C3D67C}"
EndProject
Project("{FAE04EC0-301F-11D3-BF4B-00C04F79EFBC}") = "DQCM", "DQCM\DQCM.csproj", "{9DD1F6F3-7360-4D6D-8B0D-B36D99ECCC1A}"
EndProject
Project("{FAE04EC0-301F-11D3-BF4B-00C04F79EFBC}") = "CORE", "CORE\CORE.csproj", "{4BA0765F-7A27-4FD6-A6C8-FACA836F6FCA}"
EndProject
Project("{FAE04EC0-301F-11D3-BF4B-00C04F79EFBC}") = "Sputnik_DSP", "Sputnik_DSP\Sputnik_DSP.csproj", "{942F67AA-589A-49DE-B3E9-0BE2FD4F944C}"
EndProject
Global
	GlobalSection(SolutionConfigurationPlatforms) = preSolution
		Debug|Any CPU = Debug|Any CPU
		Release|Any CPU = Release|Any CPU
	EndGlobalSection
	GlobalSection(ProjectConfigurationPlatforms) = postSolution
		{7B240014-ACEC-40AF-9BA5-C05216C0F381}.Debug|Any CPU.ActiveCfg = Debug|Any CPU
		{7B240014-ACEC-40AF-9BA5-C05216C0F381}.Debug|Any CPU.Build.0 = Debug|Any CPU
		{7B240014-ACEC-40AF-9BA5-C05216C0F381}.Release|Any CPU.ActiveCfg = Release|Any CPU
		{7B240014-ACEC-40AF-9BA5-C05216C0F381}.Release|Any CPU.Build.0 = Release|Any CPU
		{19DD35A0-852F-4288-89DD-0ED0C12DE7AF}.Debug|Any CPU.ActiveCfg = Debug|Any CPU
		{19DD35A0-852F-4288-89DD-0ED0C12DE7AF}.Debug|Any CPU.Build.0 = Debug|Any CPU
		{19DD35A0-852F-4288-89DD-0ED0C12DE7AF}.Release|Any CPU.ActiveCfg = Release|Any CPU
		{19DD35A0-852F-4288-89DD-0ED0C12DE7AF}.Release|Any CPU.Build.0 = Release|Any CPU
		{DF099782-1D6B-4DC6-ADED-7D30DD9F1EDC}.Debug|Any CPU.ActiveCfg = Debug|Any CPU
		{DF099782-1D6B-4DC6-ADED-7D30DD9F1EDC}.Debug|Any CPU.Build.0 = Debug|Any CPU
		{DF099782-1D6B-4DC6-ADED-7D30DD9F1EDC}.Release|Any CPU.ActiveCfg = Release|Any CPU
		{DF099782-1D6B-4DC6-ADED-7D30DD9F1EDC}.Release|Any CPU.Build.0 = Release|Any CPU
		{8F8A77BF-8DAA-46B7-929C-89B6CB3B185F}.Debug|Any CPU.ActiveCfg = Debug|Any CPU
		{8F8A77BF-8DAA-46B7-929C-89B6CB3B185F}.Debug|Any CPU.Build.0 = Debug|Any CPU
		{8F8A77BF-8DAA-46B7-929C-89B6CB3B185F}.Release|Any CPU.ActiveCfg = Release|Any CPU
		{8F8A77BF-8DAA-46B7-929C-89B6CB3B185F}.Release|Any CPU.Build.0 = Release|Any CPU
		{6763DDE0-4906-4AD0-9A8D-2F14A0C3D67C}.Debug|Any CPU.ActiveCfg = Debug|Any CPU
		{6763DDE0-4906-4AD0-9A8D-2F14A0C3D67C}.Debug|Any CPU.Build.0 = Debug|Any CPU
		{6763DDE0-4906-4AD0-9A8D-2F14A0C3D67C}.Release|Any CPU.ActiveCfg = Release|Any CPU
		{6763DDE0-4906-4AD0-9A8D-2F14A0C3D67C}.Release|Any CPU.Build.0 = Release|Any CPU
		{9DD1F6F3-7360-4D6D-8B0D-B36D99ECCC1A}.Debug|Any CPU.ActiveCfg = Debug|Any CPU
		{9DD1F6F3-7360-4D6D-8B0D-B36D99ECCC1A}.Debug|Any CPU.Build.0 = Debug|Any CPU
		{9DD1F6F3-7360-4D6D-8B0D-B36D99ECCC1A}.Release|Any CPU.ActiveCfg = Release|Any CPU
		{9DD1F6F3-7360-4D6D-8B0D-B36D99ECCC1A}.Release|Any CPU.Build.0 = Release|Any CPU
		{4BA0765F-7A27-4FD6-A6C8-FACA836F6FCA}.Debug|Any CPU.ActiveCfg = Debug|Any CPU
		{4BA0765F-7A27-4FD6-A6C8-FACA836F6FCA}.Debug|Any CPU.Build.0 = Debug|Any CPU
		{4BA0765F-7A27-4FD6-A6C8-FACA836F6FCA}.Release|Any CPU.ActiveCfg = Release|Any CPU
		{4BA0765F-7A27-4FD6-A6C8-FACA836F6FCA}.Release|Any CPU.Build.0 = Release|Any CPU
		{942F67AA-589A-49DE-B3E9-0BE2FD4F944C}.Debug|Any CPU.ActiveCfg = Debug|Any CPU
		{942F67AA-589A-49DE-B3E9-0BE2FD4F944C}.Debug|Any CPU.Build.0 = Debug|Any CPU
		{942F67AA-589A-49DE-B3E9-0BE2FD4F944C}.Release|Any CPU.ActiveCfg = Release|Any CPU
		{942F67AA-589A-49DE-B3E9-0BE2FD4F944C}.Release|Any CPU.Build.0 = Release|Any CPU
	EndGlobalSection
	GlobalSection(SolutionProperties) = preSolution
		HideSolutionNode = FALSE
	EndGlobalSection
	GlobalSection(ExtensibilityGlobals) = postSolution
		SolutionGuid = {36B746DF-CB88-4AD6-95CA-8BDFA4F539AE}
	EndGlobalSection
EndGlobal
